// !$*UTF8*$!
{
	archiveVersion = 1;
	classes = {
	};
	objectVersion = 56;
	objects = {

/* Begin PBXBuildFile section */
		D1198EF62979B76D00701A24 /* AppDelegate.swift in Sources */ = {isa = PBXBuildFile; fileRef = D1198EF52979B76D00701A24 /* AppDelegate.swift */; };
		D1198EF82979B76D00701A24 /* ParkingWorkGameScene.sks in Resources */ = {isa = PBXBuildFile; fileRef = D1198EF72979B76D00701A24 /* ParkingWorkGameScene.sks */; };
		D1198EFC2979B76D00701A24 /* ParkingWorkGame.swift in Sources */ = {isa = PBXBuildFile; fileRef = D1198EFB2979B76D00701A24 /* ParkingWorkGame.swift */; };
		D1198EFE2979B76D00701A24 /* GameViewController.swift in Sources */ = {isa = PBXBuildFile; fileRef = D1198EFD2979B76D00701A24 /* GameViewController.swift */; };
		D1198F012979B76D00701A24 /* Main.storyboard in Resources */ = {isa = PBXBuildFile; fileRef = D1198EFF2979B76D00701A24 /* Main.storyboard */; };
		D1198F032979B76E00701A24 /* Assets.xcassets in Resources */ = {isa = PBXBuildFile; fileRef = D1198F022979B76E00701A24 /* Assets.xcassets */; };
		D1198F062979B76E00701A24 /* LaunchScreen.storyboard in Resources */ = {isa = PBXBuildFile; fileRef = D1198F042979B76E00701A24 /* LaunchScreen.storyboard */; };
		D1198F0D2979B7A900701A24 /* Asphalt.sks in Resources */ = {isa = PBXBuildFile; fileRef = D1198F0C2979B7A900701A24 /* Asphalt.sks */; };
		D13F2E16298972EB008976EA /* CarLockList.swift in Sources */ = {isa = PBXBuildFile; fileRef = D13F2E15298972EB008976EA /* CarLockList.swift */; };
		D1DAC79E29819DD900B60AED /* PlayerStateMachine.swift in Sources */ = {isa = PBXBuildFile; fileRef = D1DAC79D29819DD900B60AED /* PlayerStateMachine.swift */; };
/* End PBXBuildFile section */

/* Begin PBXFileReference section */
		D1198EF22979B76D00701A24 /* Parking Work.app */ = {isa = PBXFileReference; explicitFileType = wrapper.application; includeInIndex = 0; path = "Parking Work.app"; sourceTree = BUILT_PRODUCTS_DIR; };
		D1198EF52979B76D00701A24 /* AppDelegate.swift */ = {isa = PBXFileReference; lastKnownFileType = sourcecode.swift; path = AppDelegate.swift; sourceTree = "<group>"; };
		D1198EF72979B76D00701A24 /* ParkingWorkGameScene.sks */ = {isa = PBXFileReference; lastKnownFileType = file.sks; path = ParkingWorkGameScene.sks; sourceTree = "<group>"; };
		D1198EFB2979B76D00701A24 /* ParkingWorkGame.swift */ = {isa = PBXFileReference; lastKnownFileType = sourcecode.swift; path = ParkingWorkGame.swift; sourceTree = "<group>"; };
		D1198EFD2979B76D00701A24 /* GameViewController.swift */ = {isa = PBXFileReference; lastKnownFileType = sourcecode.swift; path = GameViewController.swift; sourceTree = "<group>"; };
		D1198F002979B76D00701A24 /* Base */ = {isa = PBXFileReference; lastKnownFileType = file.storyboard; name = Base; path = Base.lproj/Main.storyboard; sourceTree = "<group>"; };
		D1198F022979B76E00701A24 /* Assets.xcassets */ = {isa = PBXFileReference; lastKnownFileType = folder.assetcatalog; path = Assets.xcassets; sourceTree = "<group>"; };
		D1198F052979B76E00701A24 /* Base */ = {isa = PBXFileReference; lastKnownFileType = file.storyboard; name = Base; path = Base.lproj/LaunchScreen.storyboard; sourceTree = "<group>"; };
		D1198F0C2979B7A900701A24 /* Asphalt.sks */ = {isa = PBXFileReference; lastKnownFileType = file.sks; path = Asphalt.sks; sourceTree = "<group>"; };
		D13F2E15298972EB008976EA /* CarLockList.swift */ = {isa = PBXFileReference; lastKnownFileType = sourcecode.swift; path = CarLockList.swift; sourceTree = "<group>"; };
		D1DAC79D29819DD900B60AED /* PlayerStateMachine.swift */ = {isa = PBXFileReference; lastKnownFileType = sourcecode.swift; path = PlayerStateMachine.swift; sourceTree = "<group>"; };
/* End PBXFileReference section */

/* Begin PBXFrameworksBuildPhase section */
		D1198EEF2979B76D00701A24 /* Frameworks */ = {
			isa = PBXFrameworksBuildPhase;
			buildActionMask = 2147483647;
			files = (
			);
			runOnlyForDeploymentPostprocessing = 0;
		};
/* End PBXFrameworksBuildPhase section */

/* Begin PBXGroup section */
		D1198EE92979B76D00701A24 = {
			isa = PBXGroup;
			children = (
				D1198EF42979B76D00701A24 /* Parking Work */,
				D1198EF32979B76D00701A24 /* Products */,
			);
			sourceTree = "<group>";
		};
		D1198EF32979B76D00701A24 /* Products */ = {
			isa = PBXGroup;
			children = (
				D1198EF22979B76D00701A24 /* Parking Work.app */,
			);
			name = Products;
			sourceTree = "<group>";
		};
		D1198EF42979B76D00701A24 /* Parking Work */ = {
			isa = PBXGroup;
			children = (
				D1198EF72979B76D00701A24 /* ParkingWorkGameScene.sks */,
				D1198EFB2979B76D00701A24 /* ParkingWorkGame.swift */,
				D1198EFD2979B76D00701A24 /* GameViewController.swift */,
				D1DAC79D29819DD900B60AED /* PlayerStateMachine.swift */,
				D1198EFF2979B76D00701A24 /* Main.storyboard */,
				D1198F022979B76E00701A24 /* Assets.xcassets */,
				D1198F0C2979B7A900701A24 /* Asphalt.sks */,
				D1198F042979B76E00701A24 /* LaunchScreen.storyboard */,
				D1198EF52979B76D00701A24 /* AppDelegate.swift */,
				D13F2E15298972EB008976EA /* CarLockList.swift */,
			);
			path = "Parking Work";
			sourceTree = "<group>";
		};
/* End PBXGroup section */

/* Begin PBXNativeTarget section */
		D1198EF12979B76D00701A24 /* Parking Work */ = {
			isa = PBXNativeTarget;
			buildConfigurationList = D1198F092979B76E00701A24 /* Build configuration list for PBXNativeTarget "Parking Work" */;
			buildPhases = (
				D1198EEE2979B76D00701A24 /* Sources */,
				D1198EEF2979B76D00701A24 /* Frameworks */,
				D1198EF02979B76D00701A24 /* Resources */,
			);
			buildRules = (
			);
			dependencies = (
			);
			name = "Parking Work";
			productName = "Parking Work";
			productReference = D1198EF22979B76D00701A24 /* Parking Work.app */;
			productType = "com.apple.product-type.application";
		};
/* End PBXNativeTarget section */

/* Begin PBXProject section */
		D1198EEA2979B76D00701A24 /* Project object */ = {
			isa = PBXProject;
			attributes = {
				BuildIndependentTargetsInParallel = 1;
				LastSwiftUpdateCheck = 1410;
				LastUpgradeCheck = 1410;
				TargetAttributes = {
					D1198EF12979B76D00701A24 = {
						CreatedOnToolsVersion = 14.1;
					};
				};
			};
			buildConfigurationList = D1198EED2979B76D00701A24 /* Build configuration list for PBXProject "Parking Work" */;
			compatibilityVersion = "Xcode 14.0";
			developmentRegion = en;
			hasScannedForEncodings = 0;
			knownRegions = (
				en,
				Base,
			);
			mainGroup = D1198EE92979B76D00701A24;
			productRefGroup = D1198EF32979B76D00701A24 /* Products */;
			projectDirPath = "";
			projectRoot = "";
			targets = (
				D1198EF12979B76D00701A24 /* Parking Work */,
			);
		};
/* End PBXProject section */

/* Begin PBXResourcesBuildPhase section */
		D1198EF02979B76D00701A24 /* Resources */ = {
			isa = PBXResourcesBuildPhase;
			buildActionMask = 2147483647;
			files = (
				D1198F012979B76D00701A24 /* Main.storyboard in Resources */,
				D1198EF82979B76D00701A24 /* ParkingWorkGameScene.sks in Resources */,
				D1198F032979B76E00701A24 /* Assets.xcassets in Resources */,
				D1198F062979B76E00701A24 /* LaunchScreen.storyboard in Resources */,
				D1198F0D2979B7A900701A24 /* Asphalt.sks in Resources */,
			);
			runOnlyForDeploymentPostprocessing = 0;
		};
/* End PBXResourcesBuildPhase section */

/* Begin PBXSourcesBuildPhase section */
		D1198EEE2979B76D00701A24 /* Sources */ = {
			isa = PBXSourcesBuildPhase;
			buildActionMask = 2147483647;
			files = (
				D1198EFC2979B76D00701A24 /* ParkingWorkGame.swift in Sources */,
				D13F2E16298972EB008976EA /* CarLockList.swift in Sources */,
				D1198EFE2979B76D00701A24 /* GameViewController.swift in Sources */,
				D1DAC79E29819DD900B60AED /* PlayerStateMachine.swift in Sources */,
				D1198EF62979B76D00701A24 /* AppDelegate.swift in Sources */,
			);
			runOnlyForDeploymentPostprocessing = 0;
		};
/* End PBXSourcesBuildPhase section */

/* Begin PBXVariantGroup section */
		D1198EFF2979B76D00701A24 /* Main.storyboard */ = {
			isa = PBXVariantGroup;
			children = (
				D1198F002979B76D00701A24 /* Base */,
			);
			name = Main.storyboard;
			sourceTree = "<group>";
		};
		D1198F042979B76E00701A24 /* LaunchScreen.storyboard */ = {
			isa = PBXVariantGroup;
			children = (
				D1198F052979B76E00701A24 /* Base */,
			);
			name = LaunchScreen.storyboard;
			sourceTree = "<group>";
		};
/* End PBXVariantGroup section */

/* Begin XCBuildConfiguration section */
		D1198F072979B76E00701A24 /* Debug */ = {
			isa = XCBuildConfiguration;
			buildSettings = {
				ALWAYS_SEARCH_USER_PATHS = NO;
				CLANG_ANALYZER_NONNULL = YES;
				CLANG_ANALYZER_NUMBER_OBJECT_CONVERSION = YES_AGGRESSIVE;
				CLANG_CXX_LANGUAGE_STANDARD = "gnu++20";
				CLANG_ENABLE_MODULES = YES;
				CLANG_ENABLE_OBJC_ARC = YES;
				CLANG_ENABLE_OBJC_WEAK = YES;
				CLANG_WARN_BLOCK_CAPTURE_AUTORELEASING = YES;
				CLANG_WARN_BOOL_CONVERSION = YES;
				CLANG_WARN_COMMA = YES;
				CLANG_WARN_CONSTANT_CONVERSION = YES;
				CLANG_WARN_DEPRECATED_OBJC_IMPLEMENTATIONS = YES;
				CLANG_WARN_DIRECT_OBJC_ISA_USAGE = YES_ERROR;
				CLANG_WARN_DOCUMENTATION_COMMENTS = YES;
				CLANG_WARN_EMPTY_BODY = YES;
				CLANG_WARN_ENUM_CONVERSION = YES;
				CLANG_WARN_INFINITE_RECURSION = YES;
				CLANG_WARN_INT_CONVERSION = YES;
				CLANG_WARN_NON_LITERAL_NULL_CONVERSION = YES;
				CLANG_WARN_OBJC_IMPLICIT_RETAIN_SELF = YES;
				CLANG_WARN_OBJC_LITERAL_CONVERSION = YES;
				CLANG_WARN_OBJC_ROOT_CLASS = YES_ERROR;
				CLANG_WARN_QUOTED_INCLUDE_IN_FRAMEWORK_HEADER = YES;
				CLANG_WARN_RANGE_LOOP_ANALYSIS = YES;
				CLANG_WARN_STRICT_PROTOTYPES = YES;
				CLANG_WARN_SUSPICIOUS_MOVE = YES;
				CLANG_WARN_UNGUARDED_AVAILABILITY = YES_AGGRESSIVE;
				CLANG_WARN_UNREACHABLE_CODE = YES;
				CLANG_WARN__DUPLICATE_METHOD_MATCH = YES;
				COPY_PHASE_STRIP = NO;
				DEBUG_INFORMATION_FORMAT = dwarf;
				ENABLE_STRICT_OBJC_MSGSEND = YES;
				ENABLE_TESTABILITY = YES;
				GCC_C_LANGUAGE_STANDARD = gnu11;
				GCC_DYNAMIC_NO_PIC = NO;
				GCC_NO_COMMON_BLOCKS = YES;
				GCC_OPTIMIZATION_LEVEL = 0;
				GCC_PREPROCESSOR_DEFINITIONS = (
					"DEBUG=1",
					"$(inherited)",
				);
				GCC_WARN_64_TO_32_BIT_CONVERSION = YES;
				GCC_WARN_ABOUT_RETURN_TYPE = YES_ERROR;
				GCC_WARN_UNDECLARED_SELECTOR = YES;
				GCC_WARN_UNINITIALIZED_AUTOS = YES_AGGRESSIVE;
				GCC_WARN_UNUSED_FUNCTION = YES;
				GCC_WARN_UNUSED_VARIABLE = YES;
				IPHONEOS_DEPLOYMENT_TARGET = 16.1;
				MTL_ENABLE_DEBUG_INFO = INCLUDE_SOURCE;
				MTL_FAST_MATH = YES;
				ONLY_ACTIVE_ARCH = YES;
				SDKROOT = iphoneos;
				SWIFT_ACTIVE_COMPILATION_CONDITIONS = DEBUG;
				SWIFT_OPTIMIZATION_LEVEL = "-Onone";
			};
			name = Debug;
		};
		D1198F082979B76E00701A24 /* Release */ = {
			isa = XCBuildConfiguration;
			buildSettings = {
				ALWAYS_SEARCH_USER_PATHS = NO;
				CLANG_ANALYZER_NONNULL = YES;
				CLANG_ANALYZER_NUMBER_OBJECT_CONVERSION = YES_AGGRESSIVE;
				CLANG_CXX_LANGUAGE_STANDARD = "gnu++20";
				CLANG_ENABLE_MODULES = YES;
				CLANG_ENABLE_OBJC_ARC = YES;
				CLANG_ENABLE_OBJC_WEAK = YES;
				CLANG_WARN_BLOCK_CAPTURE_AUTORELEASING = YES;
				CLANG_WARN_BOOL_CONVERSION = YES;
				CLANG_WARN_COMMA = YES;
				CLANG_WARN_CONSTANT_CONVERSION = YES;
				CLANG_WARN_DEPRECATED_OBJC_IMPLEMENTATIONS = YES;
				CLANG_WARN_DIRECT_OBJC_ISA_USAGE = YES_ERROR;
				CLANG_WARN_DOCUMENTATION_COMMENTS = YES;
				CLANG_WARN_EMPTY_BODY = YES;
				CLANG_WARN_ENUM_CONVERSION = YES;
				CLANG_WARN_INFINITE_RECURSION = YES;
				CLANG_WARN_INT_CONVERSION = YES;
				CLANG_WARN_NON_LITERAL_NULL_CONVERSION = YES;
				CLANG_WARN_OBJC_IMPLICIT_RETAIN_SELF = YES;
				CLANG_WARN_OBJC_LITERAL_CONVERSION = YES;
				CLANG_WARN_OBJC_ROOT_CLASS = YES_ERROR;
				CLANG_WARN_QUOTED_INCLUDE_IN_FRAMEWORK_HEADER = YES;
				CLANG_WARN_RANGE_LOOP_ANALYSIS = YES;
				CLANG_WARN_STRICT_PROTOTYPES = YES;
				CLANG_WARN_SUSPICIOUS_MOVE = YES;
				CLANG_WARN_UNGUARDED_AVAILABILITY = YES_AGGRESSIVE;
				CLANG_WARN_UNREACHABLE_CODE = YES;
				CLANG_WARN__DUPLICATE_METHOD_MATCH = YES;
				COPY_PHASE_STRIP = NO;
				DEBUG_INFORMATION_FORMAT = "dwarf-with-dsym";
				ENABLE_NS_ASSERTIONS = NO;
				ENABLE_STRICT_OBJC_MSGSEND = YES;
				GCC_C_LANGUAGE_STANDARD = gnu11;
				GCC_NO_COMMON_BLOCKS = YES;
				GCC_WARN_64_TO_32_BIT_CONVERSION = YES;
				GCC_WARN_ABOUT_RETURN_TYPE = YES_ERROR;
				GCC_WARN_UNDECLARED_SELECTOR = YES;
				GCC_WARN_UNINITIALIZED_AUTOS = YES_AGGRESSIVE;
				GCC_WARN_UNUSED_FUNCTION = YES;
				GCC_WARN_UNUSED_VARIABLE = YES;
				IPHONEOS_DEPLOYMENT_TARGET = 16.1;
				MTL_ENABLE_DEBUG_INFO = NO;
				MTL_FAST_MATH = YES;
				SDKROOT = iphoneos;
				SWIFT_COMPILATION_MODE = wholemodule;
				SWIFT_OPTIMIZATION_LEVEL = "-O";
				VALIDATE_PRODUCT = YES;
			};
			name = Release;
		};
		D1198F0A2979B76E00701A24 /* Debug */ = {
			isa = XCBuildConfiguration;
			buildSettings = {
				ASSETCATALOG_COMPILER_APPICON_NAME = AppIcon;
				ASSETCATALOG_COMPILER_GLOBAL_ACCENT_COLOR_NAME = AccentColor;
				CODE_SIGN_STYLE = Automatic;
				CURRENT_PROJECT_VERSION = 1;
				DEVELOPMENT_TEAM = 8J723W5X5H;
				GENERATE_INFOPLIST_FILE = YES;
				INFOPLIST_KEY_UIApplicationSupportsIndirectInputEvents = YES;
				INFOPLIST_KEY_UILaunchStoryboardName = LaunchScreen;
				INFOPLIST_KEY_UIMainStoryboardFile = Main;
				INFOPLIST_KEY_UIStatusBarHidden = YES;
				INFOPLIST_KEY_UISupportedInterfaceOrientations_iPad = "UIInterfaceOrientationPortrait UIInterfaceOrientationPortraitUpsideDown UIInterfaceOrientationLandscapeLeft UIInterfaceOrientationLandscapeRight";
				INFOPLIST_KEY_UISupportedInterfaceOrientations_iPhone = "UIInterfaceOrientationPortrait UIInterfaceOrientationLandscapeLeft UIInterfaceOrientationLandscapeRight";
				IPHONEOS_DEPLOYMENT_TARGET = 13.0;
				LD_RUNPATH_SEARCH_PATHS = (
					"$(inherited)",
					"@executable_path/Frameworks",
				);
				MARKETING_VERSION = 1.0;
				PRODUCT_BUNDLE_IDENTIFIER = "com.nickeyprod.Parking-Work";
				PRODUCT_NAME = "$(TARGET_NAME)";
				SWIFT_EMIT_LOC_STRINGS = YES;
				SWIFT_VERSION = 5.0;
				TARGETED_DEVICE_FAMILY = "1,2";
			};
			name = Debug;
		};
		D1198F0B2979B76E00701A24 /* Release */ = {
			isa = XCBuildConfiguration;
			buildSettings = {
				ASSETCATALOG_COMPILER_APPICON_NAME = AppIcon;
				ASSETCATALOG_COMPILER_GLOBAL_ACCENT_COLOR_NAME = AccentColor;
				CODE_SIGN_STYLE = Automatic;
				CURRENT_PROJECT_VERSION = 1;
				DEVELOPMENT_TEAM = 8J723W5X5H;
				GENERATE_INFOPLIST_FILE = YES;
				INFOPLIST_KEY_UIApplicationSupportsIndirectInputEvents = YES;
				INFOPLIST_KEY_UILaunchStoryboardName = LaunchScreen;
				INFOPLIST_KEY_UIMainStoryboardFile = Main;
				INFOPLIST_KEY_UIStatusBarHidden = YES;
				INFOPLIST_KEY_UISupportedInterfaceOrientations_iPad = "UIInterfaceOrientationPortrait UIInterfaceOrientationPortraitUpsideDown UIInterfaceOrientationLandscapeLeft UIInterfaceOrientationLandscapeRight";
				INFOPLIST_KEY_UISupportedInterfaceOrientations_iPhone = "UIInterfaceOrientationPortrait UIInterfaceOrientationLandscapeLeft UIInterfaceOrientationLandscapeRight";
				IPHONEOS_DEPLOYMENT_TARGET = 13.0;
				LD_RUNPATH_SEARCH_PATHS = (
					"$(inherited)",
					"@executable_path/Frameworks",
				);
				MARKETING_VERSION = 1.0;
				PRODUCT_BUNDLE_IDENTIFIER = "com.nickeyprod.Parking-Work";
				PRODUCT_NAME = "$(TARGET_NAME)";
				SWIFT_EMIT_LOC_STRINGS = YES;
				SWIFT_VERSION = 5.0;
				TARGETED_DEVICE_FAMILY = "1,2";
			};
			name = Release;
		};
/* End XCBuildConfiguration section */

/* Begin XCConfigurationList section */
		D1198EED2979B76D00701A24 /* Build configuration list for PBXProject "Parking Work" */ = {
			isa = XCConfigurationList;
			buildConfigurations = (
				D1198F072979B76E00701A24 /* Debug */,
				D1198F082979B76E00701A24 /* Release */,
			);
			defaultConfigurationIsVisible = 0;
			defaultConfigurationName = Release;
		};
		D1198F092979B76E00701A24 /* Build configuration list for PBXNativeTarget "Parking Work" */ = {
			isa = XCConfigurationList;
			buildConfigurations = (
				D1198F0A2979B76E00701A24 /* Debug */,
				D1198F0B2979B76E00701A24 /* Release */,
			);
			defaultConfigurationIsVisible = 0;
			defaultConfigurationName = Release;
		};
/* End XCConfigurationList section */
	};
	rootObject = D1198EEA2979B76D00701A24 /* Project object */;
}
