// !$*UTF8*$!
{
	archiveVersion = 1;
	classes = {
	};
	objectVersion = 56;
	objects = {

/* Begin PBXBuildFile section */
		D103322A2A13E41B00F332D2 /* old_copper_engine_start.wav in Resources */ = {isa = PBXBuildFile; fileRef = D10332292A13E41B00F332D2 /* old_copper_engine_start.wav */; };
		D1198EF62979B76D00701A24 /* AppDelegate.swift in Sources */ = {isa = PBXBuildFile; fileRef = D1198EF52979B76D00701A24 /* AppDelegate.swift */; };
		D1198EFC2979B76D00701A24 /* ParkingWorkGame.swift in Sources */ = {isa = PBXBuildFile; fileRef = D1198EFB2979B76D00701A24 /* ParkingWorkGame.swift */; };
		D1198EFE2979B76D00701A24 /* GameViewController.swift in Sources */ = {isa = PBXBuildFile; fileRef = D1198EFD2979B76D00701A24 /* GameViewController.swift */; };
		D1198F012979B76D00701A24 /* Main.storyboard in Resources */ = {isa = PBXBuildFile; fileRef = D1198EFF2979B76D00701A24 /* Main.storyboard */; };
		D1198F032979B76E00701A24 /* Assets.xcassets in Resources */ = {isa = PBXBuildFile; fileRef = D1198F022979B76E00701A24 /* Assets.xcassets */; };
		D1198F062979B76E00701A24 /* LaunchScreen.storyboard in Resources */ = {isa = PBXBuildFile; fileRef = D1198F042979B76E00701A24 /* LaunchScreen.storyboard */; };
		D1198F0D2979B7A900701A24 /* ParkingWorkTileSets.sks in Resources */ = {isa = PBXBuildFile; fileRef = D1198F0C2979B7A900701A24 /* ParkingWorkTileSets.sks */; };
		D11C745629ED703000C0583D /* SetupPigeon.swift in Sources */ = {isa = PBXBuildFile; fileRef = D11C745529ED703000C0583D /* SetupPigeon.swift */; };
		D11FB7062A3A37F20047D7FC /* ShopItem.swift in Sources */ = {isa = PBXBuildFile; fileRef = D11FB7052A3A37F20047D7FC /* ShopItem.swift */; };
		D11FB7082A3B77E40047D7FC /* Price.swift in Sources */ = {isa = PBXBuildFile; fileRef = D11FB7072A3B77E40047D7FC /* Price.swift */; };
		D13F2E16298972EB008976EA /* CAR_LIST.swift in Sources */ = {isa = PBXBuildFile; fileRef = D13F2E15298972EB008976EA /* CAR_LIST.swift */; };
		D144764D2A29D2BE0044C244 /* Shop.swift in Sources */ = {isa = PBXBuildFile; fileRef = D144764C2A29D2BE0044C244 /* Shop.swift */; };
		D144764F2A29D2F70044C244 /* ShopScene.sks in Resources */ = {isa = PBXBuildFile; fileRef = D144764E2A29D2F70044C244 /* ShopScene.sks */; };
		D14476512A29E9D90044C244 /* CarLock.swift in Sources */ = {isa = PBXBuildFile; fileRef = D14476502A29E9D90044C244 /* CarLock.swift */; };
		D14476552A29EE930044C244 /* plastic_hit.wav in Resources */ = {isa = PBXBuildFile; fileRef = D14476542A29EE930044C244 /* plastic_hit.wav */; };
		D14476582A2B6C470044C244 /* ItemOnGround.sks in Resources */ = {isa = PBXBuildFile; fileRef = D14476562A2B6C470044C244 /* ItemOnGround.sks */; };
		D14476592A2B6C470044C244 /* Assets.xcassets in Resources */ = {isa = PBXBuildFile; fileRef = D14476572A2B6C470044C244 /* Assets.xcassets */; };
		D144765B2A2B83D00044C244 /* MESSSAGE_TYPES.swift in Sources */ = {isa = PBXBuildFile; fileRef = D144765A2A2B83D00044C244 /* MESSSAGE_TYPES.swift */; };
		D149E68C2A30741E00342564 /* ITEMS_TYPES.swift in Sources */ = {isa = PBXBuildFile; fileRef = D149E68B2A30741E00342564 /* ITEMS_TYPES.swift */; };
		D15008692A274BEC00F24418 /* CarsDrivingBy.sks in Resources */ = {isa = PBXBuildFile; fileRef = D15008682A274BEC00F24418 /* CarsDrivingBy.sks */; };
		D150086B2A28BF5500F24418 /* mission_list_car_passing_by.wav in Resources */ = {isa = PBXBuildFile; fileRef = D150086A2A28BF5500F24418 /* mission_list_car_passing_by.wav */; };
		D150086D2A28E02700F24418 /* Mission.swift in Sources */ = {isa = PBXBuildFile; fileRef = D150086C2A28E02700F24418 /* Mission.swift */; };
		D15BCD9429EF18AD00726BE3 /* pigeon_flying_away.wav in Resources */ = {isa = PBXBuildFile; fileRef = D15BCD9329EF18AD00726BE3 /* pigeon_flying_away.wav */; };
		D15BCD9A29F1376F00726BE3 /* street_sound_birds.wav in Resources */ = {isa = PBXBuildFile; fileRef = D15BCD9929F1376F00726BE3 /* street_sound_birds.wav */; };
		D15BCD9C29F1380B00726BE3 /* SetupSound.swift in Sources */ = {isa = PBXBuildFile; fileRef = D15BCD9B29F1380B00726BE3 /* SetupSound.swift */; };
		D1628B3129AE050700DF817E /* COLORS.swift in Sources */ = {isa = PBXBuildFile; fileRef = D1628B3029AE050700DF817E /* COLORS.swift */; };
		D16ACB032A177AB3000878C4 /* car_collision_02.wav in Resources */ = {isa = PBXBuildFile; fileRef = D16ACB012A177AB3000878C4 /* car_collision_02.wav */; };
		D16ACB062A177ABB000878C4 /* car_collision_01.wav in Resources */ = {isa = PBXBuildFile; fileRef = D16ACB052A177ABB000878C4 /* car_collision_01.wav */; };
		D16ACB082A1783F8000878C4 /* car_collision_03.wav in Resources */ = {isa = PBXBuildFile; fileRef = D16ACB072A1783F8000878C4 /* car_collision_03.wav */; };
		D16ACB0A2A1790CD000878C4 /* SetupTrashCans.swift in Sources */ = {isa = PBXBuildFile; fileRef = D16ACB092A1790CD000878C4 /* SetupTrashCans.swift */; };
		D16ACB0C2A1A9528000878C4 /* SetupLevelCompletion.swift in Sources */ = {isa = PBXBuildFile; fileRef = D16ACB0B2A1A9528000878C4 /* SetupLevelCompletion.swift */; };
		D16D775729A4E371004EC225 /* traffic1.wav in Resources */ = {isa = PBXBuildFile; fileRef = D16D775629A4E371004EC225 /* traffic1.wav */; };
		D16EA75A2A0238BB001699E5 /* ChatFunctions.swift in Sources */ = {isa = PBXBuildFile; fileRef = D16EA7592A0238BB001699E5 /* ChatFunctions.swift */; };
		D16EA75C2A023A6B001699E5 /* PopUpAction.swift in Sources */ = {isa = PBXBuildFile; fileRef = D16EA75B2A023A6B001699E5 /* PopUpAction.swift */; };
		D16EA75E2A023C09001699E5 /* PopUpCreation.swift in Sources */ = {isa = PBXBuildFile; fileRef = D16EA75D2A023C09001699E5 /* PopUpCreation.swift */; };
		D16EA7602A023D17001699E5 /* UICreation.swift in Sources */ = {isa = PBXBuildFile; fileRef = D16EA75F2A023D17001699E5 /* UICreation.swift */; };
		D16EA7622A023DB8001699E5 /* GameScreenCreation.swift in Sources */ = {isa = PBXBuildFile; fileRef = D16EA7612A023DB8001699E5 /* GameScreenCreation.swift */; };
		D16EA7642A02407D001699E5 /* UIControls.swift in Sources */ = {isa = PBXBuildFile; fileRef = D16EA7632A02407D001699E5 /* UIControls.swift */; };
		D16EA7682A02413C001699E5 /* TutorialFunctions.swift in Sources */ = {isa = PBXBuildFile; fileRef = D16EA7672A02413C001699E5 /* TutorialFunctions.swift */; };
		D16EA76A2A024418001699E5 /* GameScreenContols.swift in Sources */ = {isa = PBXBuildFile; fileRef = D16EA7692A024418001699E5 /* GameScreenContols.swift */; };
		D16EA76D2A0245AF001699E5 /* CameraFunctions.swift in Sources */ = {isa = PBXBuildFile; fileRef = D16EA76C2A0245AF001699E5 /* CameraFunctions.swift */; };
		D16EA76F2A0245E2001699E5 /* AnimationFunctions.swift in Sources */ = {isa = PBXBuildFile; fileRef = D16EA76E2A0245E2001699E5 /* AnimationFunctions.swift */; };
		D16FD69B29A270A70097BC3E /* Mission1.swift in Sources */ = {isa = PBXBuildFile; fileRef = D16FD69929A270A70097BC3E /* Mission1.swift */; };
		D16FD69C29A270A70097BC3E /* Mission1Scene.sks in Resources */ = {isa = PBXBuildFile; fileRef = D16FD69A29A270A70097BC3E /* Mission1Scene.sks */; };
		D16FD69E29A289840097BC3E /* CameraSetup.swift in Sources */ = {isa = PBXBuildFile; fileRef = D16FD69D29A289840097BC3E /* CameraSetup.swift */; };
		D18653C2299A30B900DEE90D /* Touches.swift in Sources */ = {isa = PBXBuildFile; fileRef = D18653C1299A30B900DEE90D /* Touches.swift */; };
		D18653C5299A31D400DEE90D /* GameLoop.swift in Sources */ = {isa = PBXBuildFile; fileRef = D18653C4299A31D400DEE90D /* GameLoop.swift */; };
		D18653C7299A326900DEE90D /* Collisions.swift in Sources */ = {isa = PBXBuildFile; fileRef = D18653C6299A326900DEE90D /* Collisions.swift */; };
		D18653CB299A3A3600DEE90D /* GameFunctions.swift in Sources */ = {isa = PBXBuildFile; fileRef = D18653CA299A3A3600DEE90D /* GameFunctions.swift */; };
		D18653CE299A3AE200DEE90D /* PlayerFunctions.swift in Sources */ = {isa = PBXBuildFile; fileRef = D18653CD299A3AE200DEE90D /* PlayerFunctions.swift */; };
		D18653D2299A3C6F00DEE90D /* PlayerSetup.swift in Sources */ = {isa = PBXBuildFile; fileRef = D18653D1299A3C6F00DEE90D /* PlayerSetup.swift */; };
		D18653D4299A3D9F00DEE90D /* WorldSetup.swift in Sources */ = {isa = PBXBuildFile; fileRef = D18653D3299A3D9F00DEE90D /* WorldSetup.swift */; };
		D18653D6299A3EAF00DEE90D /* CarsSetup.swift in Sources */ = {isa = PBXBuildFile; fileRef = D18653D5299A3EAF00DEE90D /* CarsSetup.swift */; };
		D18653D8299A3FE200DEE90D /* CarLocksSetup.swift in Sources */ = {isa = PBXBuildFile; fileRef = D18653D7299A3FE200DEE90D /* CarLocksSetup.swift */; };
		D18653DA299B7CE000DEE90D /* PopUpWindowsSetup.swift in Sources */ = {isa = PBXBuildFile; fileRef = D18653D9299B7CE000DEE90D /* PopUpWindowsSetup.swift */; };
		D18C66122A24F67400D4F365 /* MissionListScene.sks in Resources */ = {isa = PBXBuildFile; fileRef = D18C66112A24F67400D4F365 /* MissionListScene.sks */; };
		D18C66142A25038D00D4F365 /* MissionList.swift in Sources */ = {isa = PBXBuildFile; fileRef = D18C66132A25038D00D4F365 /* MissionList.swift */; };
		D197178A29E42D05001A6537 /* TutorialSetup.swift in Sources */ = {isa = PBXBuildFile; fileRef = D197178929E42D05001A6537 /* TutorialSetup.swift */; };
		D1A10ADC2A1F5CFF003087DF /* GameItem.swift in Sources */ = {isa = PBXBuildFile; fileRef = D1A10ADB2A1F5CFF003087DF /* GameItem.swift */; };
		D1A3F5A7299E52D600084380 /* LOCK_TRANSLATIONS.swift in Sources */ = {isa = PBXBuildFile; fileRef = D1A3F5A6299E52D600084380 /* LOCK_TRANSLATIONS.swift */; };
		D1A3F5AB299F9B8B00084380 /* GAME_SOUNDS.swift in Sources */ = {isa = PBXBuildFile; fileRef = D1A3F5AA299F9B8B00084380 /* GAME_SOUNDS.swift */; };
		D1A3F5AE299F9BB900084380 /* door_open.wav in Resources */ = {isa = PBXBuildFile; fileRef = D1A3F5AD299F9BB900084380 /* door_open.wav */; };
		D1A3F5B0299F9E0C00084380 /* success_bell.wav in Resources */ = {isa = PBXBuildFile; fileRef = D1A3F5AF299F9E0C00084380 /* success_bell.wav */; };
		D1A3F5B3299FA0B000084380 /* car_door_locked.wav in Resources */ = {isa = PBXBuildFile; fileRef = D1A3F5B1299FA0B000084380 /* car_door_locked.wav */; };
		D1A3F5B4299FA0B000084380 /* car_signalization.wav in Resources */ = {isa = PBXBuildFile; fileRef = D1A3F5B2299FA0B000084380 /* car_signalization.wav */; };
		D1A626572A1F55470033D9ED /* MissionCompletionScene.sks in Resources */ = {isa = PBXBuildFile; fileRef = D1A626562A1F55470033D9ED /* MissionCompletionScene.sks */; };
		D1A626592A1F556F0033D9ED /* MissionCompletion.swift in Sources */ = {isa = PBXBuildFile; fileRef = D1A626582A1F556F0033D9ED /* MissionCompletion.swift */; };
		D1A6C1F82A2DD7510049614D /* bag_open.wav in Resources */ = {isa = PBXBuildFile; fileRef = D1A6C1F72A2DD7510049614D /* bag_open.wav */; };
		D1A717C629C45D4D00A488BF /* GameOver.swift in Sources */ = {isa = PBXBuildFile; fileRef = D1A717C529C45D4D00A488BF /* GameOver.swift */; };
		D1A717C829C45D5F00A488BF /* GameOverScene.sks in Resources */ = {isa = PBXBuildFile; fileRef = D1A717C729C45D5F00A488BF /* GameOverScene.sks */; };
		D1A7180529CC405500A488BF /* Player.swift in Sources */ = {isa = PBXBuildFile; fileRef = D1A7180429CC405500A488BF /* Player.swift */; };
		D1A7180729D1AF7600A488BF /* UNICODE.swift in Sources */ = {isa = PBXBuildFile; fileRef = D1A7180629D1AF7600A488BF /* UNICODE.swift */; };
		D1A7180929D1B0B200A488BF /* FONTS.swift in Sources */ = {isa = PBXBuildFile; fileRef = D1A7180829D1B0B200A488BF /* FONTS.swift */; };
		D1B259D32A1E1A24001C9A05 /* SplashScreenScene.sks in Resources */ = {isa = PBXBuildFile; fileRef = D1B259D22A1E1A24001C9A05 /* SplashScreenScene.sks */; };
		D1B259D62A1E1A4A001C9A05 /* SplashScreen.swift in Sources */ = {isa = PBXBuildFile; fileRef = D1B259D52A1E1A4A001C9A05 /* SplashScreen.swift */; };
		D1B259DC2A1E7703001C9A05 /* pinplay_logo.mp4 in Resources */ = {isa = PBXBuildFile; fileRef = D1B259DB2A1E7703001C9A05 /* pinplay_logo.mp4 */; };
		D1B259DF2A1EAA51001C9A05 /* CigaretteSmoke.sks in Resources */ = {isa = PBXBuildFile; fileRef = D1B259DD2A1EAA51001C9A05 /* CigaretteSmoke.sks */; };
		D1B259E02A1EAA51001C9A05 /* Assets.xcassets in Resources */ = {isa = PBXBuildFile; fileRef = D1B259DE2A1EAA51001C9A05 /* Assets.xcassets */; };
		D1B259E22A1EB380001C9A05 /* cigarette_falling.wav in Resources */ = {isa = PBXBuildFile; fileRef = D1B259E12A1EB380001C9A05 /* cigarette_falling.wav */; };
		D1B856432A1BB1A300C8B61B /* old_copper_driving.wav in Resources */ = {isa = PBXBuildFile; fileRef = D1B856412A1BB1A300C8B61B /* old_copper_driving.wav */; };
		D1B856442A1BB1A300C8B61B /* old_copper_acceleration_old.wav in Resources */ = {isa = PBXBuildFile; fileRef = D1B856422A1BB1A300C8B61B /* old_copper_acceleration_old.wav */; };
		D1BC8CDB29B5DA4900F9C597 /* LOCK_TYPES.swift in Sources */ = {isa = PBXBuildFile; fileRef = D1BC8CDA29B5DA4900F9C597 /* LOCK_TYPES.swift */; };
		D1BC8CDD29B5DBC400F9C597 /* CAR_TEXTURTE_NAMES.swift in Sources */ = {isa = PBXBuildFile; fileRef = D1BC8CDC29B5DBC400F9C597 /* CAR_TEXTURTE_NAMES.swift */; };
		D1BC8CDF29B8733A00F9C597 /* IntroScene.sks in Resources */ = {isa = PBXBuildFile; fileRef = D1BC8CDE29B8733A00F9C597 /* IntroScene.sks */; };
		D1BC8CE229B8752900F9C597 /* Intro.swift in Sources */ = {isa = PBXBuildFile; fileRef = D1BC8CE129B8752900F9C597 /* Intro.swift */; };
		D1C699BD2A3C7B500094860B /* Property.swift in Sources */ = {isa = PBXBuildFile; fileRef = D1C699BC2A3C7B500094860B /* Property.swift */; };
		D1C717EB2A20A13800E36C9D /* pickup_inventory.wav in Resources */ = {isa = PBXBuildFile; fileRef = D1C717EA2A20A13800E36C9D /* pickup_inventory.wav */; };
		D1C717EE2A20AA9500E36C9D /* OldCopperEngineSmoke.sks in Resources */ = {isa = PBXBuildFile; fileRef = D1C717EC2A20AA9500E36C9D /* OldCopperEngineSmoke.sks */; };
		D1C717F52A20C5BB00E36C9D /* ChowerlerEngineSmoke.sks in Resources */ = {isa = PBXBuildFile; fileRef = D1C717F32A20C5BB00E36C9D /* ChowerlerEngineSmoke.sks */; };
		D1C717F62A20C5BB00E36C9D /* Assets.xcassets in Resources */ = {isa = PBXBuildFile; fileRef = D1C717F42A20C5BB00E36C9D /* Assets.xcassets */; };
		D1C717F82A20CB8D00E36C9D /* old_copper_engine_still.wav in Resources */ = {isa = PBXBuildFile; fileRef = D1C717F72A20CB8D00E36C9D /* old_copper_engine_still.wav */; };
		D1C717FA2A20CF9C00E36C9D /* old_copper_acceleration.wav in Resources */ = {isa = PBXBuildFile; fileRef = D1C717F92A20CF9C00E36C9D /* old_copper_acceleration.wav */; };
		D1D50C732A330F4600306898 /* ItemProperties.swift in Sources */ = {isa = PBXBuildFile; fileRef = D1D50C722A330F4600306898 /* ItemProperties.swift */; };
		D1D50C752A33175B00306898 /* LOCK_COMPLEXITIES.swift in Sources */ = {isa = PBXBuildFile; fileRef = D1D50C742A33175B00306898 /* LOCK_COMPLEXITIES.swift */; };
		D1DAC79E29819DD900B60AED /* PlayerState.swift in Sources */ = {isa = PBXBuildFile; fileRef = D1DAC79D29819DD900B60AED /* PlayerState.swift */; };
		D1EC016C29B8922200390C41 /* PTSansNarrow-Regular.ttf in Resources */ = {isa = PBXBuildFile; fileRef = D1EC016A29B8922200390C41 /* PTSansNarrow-Regular.ttf */; };
		D1EC016D29B8922200390C41 /* PTSansNarrow-Bold.ttf in Resources */ = {isa = PBXBuildFile; fileRef = D1EC016B29B8922200390C41 /* PTSansNarrow-Bold.ttf */; };
		D1F4CFC529B0C70E003CB541 /* Car.swift in Sources */ = {isa = PBXBuildFile; fileRef = D1F4CFC429B0C70E003CB541 /* Car.swift */; };
		D1FDF2A429A929280058040E /* button_click.wav in Resources */ = {isa = PBXBuildFile; fileRef = D1FDF2A329A929280058040E /* button_click.wav */; };
		D1FF461529BE693E0061D819 /* MiniMapSetup.swift in Sources */ = {isa = PBXBuildFile; fileRef = D1FF461429BE693E0061D819 /* MiniMapSetup.swift */; };
/* End PBXBuildFile section */

/* Begin PBXFileReference section */
		D10332292A13E41B00F332D2 /* old_copper_engine_start.wav */ = {isa = PBXFileReference; lastKnownFileType = audio.wav; path = old_copper_engine_start.wav; sourceTree = "<group>"; };
		D1198EF22979B76D00701A24 /* Parking Work.app */ = {isa = PBXFileReference; explicitFileType = wrapper.application; includeInIndex = 0; path = "Parking Work.app"; sourceTree = BUILT_PRODUCTS_DIR; };
		D1198EF52979B76D00701A24 /* AppDelegate.swift */ = {isa = PBXFileReference; lastKnownFileType = sourcecode.swift; path = AppDelegate.swift; sourceTree = "<group>"; };
		D1198EFB2979B76D00701A24 /* ParkingWorkGame.swift */ = {isa = PBXFileReference; lastKnownFileType = sourcecode.swift; path = ParkingWorkGame.swift; sourceTree = "<group>"; };
		D1198EFD2979B76D00701A24 /* GameViewController.swift */ = {isa = PBXFileReference; lastKnownFileType = sourcecode.swift; path = GameViewController.swift; sourceTree = "<group>"; };
		D1198F002979B76D00701A24 /* Base */ = {isa = PBXFileReference; lastKnownFileType = file.storyboard; name = Base; path = Base.lproj/Main.storyboard; sourceTree = "<group>"; };
		D1198F022979B76E00701A24 /* Assets.xcassets */ = {isa = PBXFileReference; lastKnownFileType = folder.assetcatalog; path = Assets.xcassets; sourceTree = "<group>"; };
		D1198F052979B76E00701A24 /* Base */ = {isa = PBXFileReference; lastKnownFileType = file.storyboard; name = Base; path = Base.lproj/LaunchScreen.storyboard; sourceTree = "<group>"; };
		D1198F0C2979B7A900701A24 /* ParkingWorkTileSets.sks */ = {isa = PBXFileReference; lastKnownFileType = file.sks; path = ParkingWorkTileSets.sks; sourceTree = "<group>"; };
		D11C745529ED703000C0583D /* SetupPigeon.swift */ = {isa = PBXFileReference; lastKnownFileType = sourcecode.swift; path = SetupPigeon.swift; sourceTree = "<group>"; };
		D11FB7052A3A37F20047D7FC /* ShopItem.swift */ = {isa = PBXFileReference; lastKnownFileType = sourcecode.swift; path = ShopItem.swift; sourceTree = "<group>"; };
		D11FB7072A3B77E40047D7FC /* Price.swift */ = {isa = PBXFileReference; lastKnownFileType = sourcecode.swift; path = Price.swift; sourceTree = "<group>"; };
		D13F2E15298972EB008976EA /* CAR_LIST.swift */ = {isa = PBXFileReference; lastKnownFileType = sourcecode.swift; path = CAR_LIST.swift; sourceTree = "<group>"; };
		D144764C2A29D2BE0044C244 /* Shop.swift */ = {isa = PBXFileReference; lastKnownFileType = sourcecode.swift; path = Shop.swift; sourceTree = "<group>"; };
		D144764E2A29D2F70044C244 /* ShopScene.sks */ = {isa = PBXFileReference; lastKnownFileType = file.sks; path = ShopScene.sks; sourceTree = "<group>"; };
		D14476502A29E9D90044C244 /* CarLock.swift */ = {isa = PBXFileReference; lastKnownFileType = sourcecode.swift; path = CarLock.swift; sourceTree = "<group>"; };
		D14476542A29EE930044C244 /* plastic_hit.wav */ = {isa = PBXFileReference; lastKnownFileType = audio.wav; path = plastic_hit.wav; sourceTree = "<group>"; };
		D14476562A2B6C470044C244 /* ItemOnGround.sks */ = {isa = PBXFileReference; lastKnownFileType = file.sks; name = ItemOnGround.sks; path = "Parking Work/Emitters/ItemOnGround.sks"; sourceTree = SOURCE_ROOT; };
		D14476572A2B6C470044C244 /* Assets.xcassets */ = {isa = PBXFileReference; lastKnownFileType = folder.assetcatalog; name = Assets.xcassets; path = "Parking Work/Emitters/Assets.xcassets"; sourceTree = SOURCE_ROOT; };
		D144765A2A2B83D00044C244 /* MESSSAGE_TYPES.swift */ = {isa = PBXFileReference; lastKnownFileType = sourcecode.swift; path = MESSSAGE_TYPES.swift; sourceTree = "<group>"; };
		D149E68B2A30741E00342564 /* ITEMS_TYPES.swift */ = {isa = PBXFileReference; lastKnownFileType = sourcecode.swift; path = ITEMS_TYPES.swift; sourceTree = "<group>"; };
		D15008682A274BEC00F24418 /* CarsDrivingBy.sks */ = {isa = PBXFileReference; lastKnownFileType = file.sks; path = CarsDrivingBy.sks; sourceTree = "<group>"; };
		D150086A2A28BF5500F24418 /* mission_list_car_passing_by.wav */ = {isa = PBXFileReference; lastKnownFileType = audio.wav; path = mission_list_car_passing_by.wav; sourceTree = "<group>"; };
		D150086C2A28E02700F24418 /* Mission.swift */ = {isa = PBXFileReference; lastKnownFileType = sourcecode.swift; path = Mission.swift; sourceTree = "<group>"; };
		D15BCD9329EF18AD00726BE3 /* pigeon_flying_away.wav */ = {isa = PBXFileReference; lastKnownFileType = audio.wav; path = pigeon_flying_away.wav; sourceTree = "<group>"; };
		D15BCD9929F1376F00726BE3 /* street_sound_birds.wav */ = {isa = PBXFileReference; lastKnownFileType = audio.wav; path = street_sound_birds.wav; sourceTree = "<group>"; };
		D15BCD9B29F1380B00726BE3 /* SetupSound.swift */ = {isa = PBXFileReference; lastKnownFileType = sourcecode.swift; path = SetupSound.swift; sourceTree = "<group>"; };
		D1628B3029AE050700DF817E /* COLORS.swift */ = {isa = PBXFileReference; lastKnownFileType = sourcecode.swift; path = COLORS.swift; sourceTree = "<group>"; };
		D16ACB012A177AB3000878C4 /* car_collision_02.wav */ = {isa = PBXFileReference; lastKnownFileType = audio.wav; path = car_collision_02.wav; sourceTree = "<group>"; };
		D16ACB052A177ABB000878C4 /* car_collision_01.wav */ = {isa = PBXFileReference; lastKnownFileType = audio.wav; path = car_collision_01.wav; sourceTree = "<group>"; };
		D16ACB072A1783F8000878C4 /* car_collision_03.wav */ = {isa = PBXFileReference; lastKnownFileType = audio.wav; path = car_collision_03.wav; sourceTree = "<group>"; };
		D16ACB092A1790CD000878C4 /* SetupTrashCans.swift */ = {isa = PBXFileReference; lastKnownFileType = sourcecode.swift; path = SetupTrashCans.swift; sourceTree = "<group>"; };
		D16ACB0B2A1A9528000878C4 /* SetupLevelCompletion.swift */ = {isa = PBXFileReference; lastKnownFileType = sourcecode.swift; path = SetupLevelCompletion.swift; sourceTree = "<group>"; };
		D16D775629A4E371004EC225 /* traffic1.wav */ = {isa = PBXFileReference; lastKnownFileType = audio.wav; path = traffic1.wav; sourceTree = "<group>"; };
		D16EA7592A0238BB001699E5 /* ChatFunctions.swift */ = {isa = PBXFileReference; lastKnownFileType = sourcecode.swift; path = ChatFunctions.swift; sourceTree = "<group>"; };
		D16EA75B2A023A6B001699E5 /* PopUpAction.swift */ = {isa = PBXFileReference; lastKnownFileType = sourcecode.swift; path = PopUpAction.swift; sourceTree = "<group>"; };
		D16EA75D2A023C09001699E5 /* PopUpCreation.swift */ = {isa = PBXFileReference; lastKnownFileType = sourcecode.swift; path = PopUpCreation.swift; sourceTree = "<group>"; };
		D16EA75F2A023D17001699E5 /* UICreation.swift */ = {isa = PBXFileReference; lastKnownFileType = sourcecode.swift; path = UICreation.swift; sourceTree = "<group>"; };
		D16EA7612A023DB8001699E5 /* GameScreenCreation.swift */ = {isa = PBXFileReference; lastKnownFileType = sourcecode.swift; path = GameScreenCreation.swift; sourceTree = "<group>"; };
		D16EA7632A02407D001699E5 /* UIControls.swift */ = {isa = PBXFileReference; lastKnownFileType = sourcecode.swift; path = UIControls.swift; sourceTree = "<group>"; };
		D16EA7672A02413C001699E5 /* TutorialFunctions.swift */ = {isa = PBXFileReference; lastKnownFileType = sourcecode.swift; path = TutorialFunctions.swift; sourceTree = "<group>"; };
		D16EA7692A024418001699E5 /* GameScreenContols.swift */ = {isa = PBXFileReference; lastKnownFileType = sourcecode.swift; path = GameScreenContols.swift; sourceTree = "<group>"; };
		D16EA76C2A0245AF001699E5 /* CameraFunctions.swift */ = {isa = PBXFileReference; lastKnownFileType = sourcecode.swift; path = CameraFunctions.swift; sourceTree = "<group>"; };
		D16EA76E2A0245E2001699E5 /* AnimationFunctions.swift */ = {isa = PBXFileReference; lastKnownFileType = sourcecode.swift; path = AnimationFunctions.swift; sourceTree = "<group>"; };
		D16FD69929A270A70097BC3E /* Mission1.swift */ = {isa = PBXFileReference; fileEncoding = 4; lastKnownFileType = sourcecode.swift; path = Mission1.swift; sourceTree = "<group>"; };
		D16FD69A29A270A70097BC3E /* Mission1Scene.sks */ = {isa = PBXFileReference; lastKnownFileType = file.sks; path = Mission1Scene.sks; sourceTree = "<group>"; };
		D16FD69D29A289840097BC3E /* CameraSetup.swift */ = {isa = PBXFileReference; fileEncoding = 4; lastKnownFileType = sourcecode.swift; path = CameraSetup.swift; sourceTree = "<group>"; };
		D18653C1299A30B900DEE90D /* Touches.swift */ = {isa = PBXFileReference; lastKnownFileType = sourcecode.swift; path = Touches.swift; sourceTree = "<group>"; };
		D18653C4299A31D400DEE90D /* GameLoop.swift */ = {isa = PBXFileReference; lastKnownFileType = sourcecode.swift; path = GameLoop.swift; sourceTree = "<group>"; };
		D18653C6299A326900DEE90D /* Collisions.swift */ = {isa = PBXFileReference; lastKnownFileType = sourcecode.swift; path = Collisions.swift; sourceTree = "<group>"; };
		D18653CA299A3A3600DEE90D /* GameFunctions.swift */ = {isa = PBXFileReference; lastKnownFileType = sourcecode.swift; path = GameFunctions.swift; sourceTree = "<group>"; };
		D18653CD299A3AE200DEE90D /* PlayerFunctions.swift */ = {isa = PBXFileReference; lastKnownFileType = sourcecode.swift; path = PlayerFunctions.swift; sourceTree = "<group>"; };
		D18653D1299A3C6F00DEE90D /* PlayerSetup.swift */ = {isa = PBXFileReference; lastKnownFileType = sourcecode.swift; path = PlayerSetup.swift; sourceTree = "<group>"; };
		D18653D3299A3D9F00DEE90D /* WorldSetup.swift */ = {isa = PBXFileReference; lastKnownFileType = sourcecode.swift; path = WorldSetup.swift; sourceTree = "<group>"; };
		D18653D5299A3EAF00DEE90D /* CarsSetup.swift */ = {isa = PBXFileReference; lastKnownFileType = sourcecode.swift; path = CarsSetup.swift; sourceTree = "<group>"; };
		D18653D7299A3FE200DEE90D /* CarLocksSetup.swift */ = {isa = PBXFileReference; lastKnownFileType = sourcecode.swift; path = CarLocksSetup.swift; sourceTree = "<group>"; };
		D18653D9299B7CE000DEE90D /* PopUpWindowsSetup.swift */ = {isa = PBXFileReference; lastKnownFileType = sourcecode.swift; path = PopUpWindowsSetup.swift; sourceTree = "<group>"; };
		D18C66112A24F67400D4F365 /* MissionListScene.sks */ = {isa = PBXFileReference; lastKnownFileType = file.sks; path = MissionListScene.sks; sourceTree = "<group>"; };
		D18C66132A25038D00D4F365 /* MissionList.swift */ = {isa = PBXFileReference; lastKnownFileType = sourcecode.swift; path = MissionList.swift; sourceTree = "<group>"; };
		D197178929E42D05001A6537 /* TutorialSetup.swift */ = {isa = PBXFileReference; lastKnownFileType = sourcecode.swift; path = TutorialSetup.swift; sourceTree = "<group>"; };
		D1A10ADB2A1F5CFF003087DF /* GameItem.swift */ = {isa = PBXFileReference; lastKnownFileType = sourcecode.swift; path = GameItem.swift; sourceTree = "<group>"; };
		D1A3F5A6299E52D600084380 /* LOCK_TRANSLATIONS.swift */ = {isa = PBXFileReference; lastKnownFileType = sourcecode.swift; path = LOCK_TRANSLATIONS.swift; sourceTree = "<group>"; };
		D1A3F5AA299F9B8B00084380 /* GAME_SOUNDS.swift */ = {isa = PBXFileReference; lastKnownFileType = sourcecode.swift; path = GAME_SOUNDS.swift; sourceTree = "<group>"; };
		D1A3F5AD299F9BB900084380 /* door_open.wav */ = {isa = PBXFileReference; lastKnownFileType = audio.wav; path = door_open.wav; sourceTree = "<group>"; };
		D1A3F5AF299F9E0C00084380 /* success_bell.wav */ = {isa = PBXFileReference; lastKnownFileType = audio.wav; path = success_bell.wav; sourceTree = "<group>"; };
		D1A3F5B1299FA0B000084380 /* car_door_locked.wav */ = {isa = PBXFileReference; lastKnownFileType = audio.wav; path = car_door_locked.wav; sourceTree = "<group>"; };
		D1A3F5B2299FA0B000084380 /* car_signalization.wav */ = {isa = PBXFileReference; lastKnownFileType = audio.wav; path = car_signalization.wav; sourceTree = "<group>"; };
		D1A626562A1F55470033D9ED /* MissionCompletionScene.sks */ = {isa = PBXFileReference; lastKnownFileType = file.sks; path = MissionCompletionScene.sks; sourceTree = "<group>"; };
		D1A626582A1F556F0033D9ED /* MissionCompletion.swift */ = {isa = PBXFileReference; lastKnownFileType = sourcecode.swift; path = MissionCompletion.swift; sourceTree = "<group>"; };
		D1A6C1F72A2DD7510049614D /* bag_open.wav */ = {isa = PBXFileReference; lastKnownFileType = audio.wav; path = bag_open.wav; sourceTree = "<group>"; };
		D1A717C529C45D4D00A488BF /* GameOver.swift */ = {isa = PBXFileReference; lastKnownFileType = sourcecode.swift; path = GameOver.swift; sourceTree = "<group>"; };
		D1A717C729C45D5F00A488BF /* GameOverScene.sks */ = {isa = PBXFileReference; lastKnownFileType = file.sks; path = GameOverScene.sks; sourceTree = "<group>"; };
		D1A7180429CC405500A488BF /* Player.swift */ = {isa = PBXFileReference; lastKnownFileType = sourcecode.swift; path = Player.swift; sourceTree = "<group>"; };
		D1A7180629D1AF7600A488BF /* UNICODE.swift */ = {isa = PBXFileReference; lastKnownFileType = sourcecode.swift; path = UNICODE.swift; sourceTree = "<group>"; };
		D1A7180829D1B0B200A488BF /* FONTS.swift */ = {isa = PBXFileReference; lastKnownFileType = sourcecode.swift; path = FONTS.swift; sourceTree = "<group>"; };
		D1B259D22A1E1A24001C9A05 /* SplashScreenScene.sks */ = {isa = PBXFileReference; lastKnownFileType = file.sks; path = SplashScreenScene.sks; sourceTree = "<group>"; };
		D1B259D52A1E1A4A001C9A05 /* SplashScreen.swift */ = {isa = PBXFileReference; lastKnownFileType = sourcecode.swift; path = SplashScreen.swift; sourceTree = "<group>"; };
		D1B259DB2A1E7703001C9A05 /* pinplay_logo.mp4 */ = {isa = PBXFileReference; lastKnownFileType = file; path = pinplay_logo.mp4; sourceTree = "<group>"; };
		D1B259DD2A1EAA51001C9A05 /* CigaretteSmoke.sks */ = {isa = PBXFileReference; lastKnownFileType = file.sks; path = CigaretteSmoke.sks; sourceTree = "<group>"; };
		D1B259DE2A1EAA51001C9A05 /* Assets.xcassets */ = {isa = PBXFileReference; lastKnownFileType = folder.assetcatalog; path = Assets.xcassets; sourceTree = "<group>"; };
		D1B259E12A1EB380001C9A05 /* cigarette_falling.wav */ = {isa = PBXFileReference; lastKnownFileType = audio.wav; path = cigarette_falling.wav; sourceTree = "<group>"; };
		D1B856412A1BB1A300C8B61B /* old_copper_driving.wav */ = {isa = PBXFileReference; lastKnownFileType = audio.wav; path = old_copper_driving.wav; sourceTree = "<group>"; };
		D1B856422A1BB1A300C8B61B /* old_copper_acceleration_old.wav */ = {isa = PBXFileReference; lastKnownFileType = audio.wav; path = old_copper_acceleration_old.wav; sourceTree = "<group>"; };
		D1BC8CDA29B5DA4900F9C597 /* LOCK_TYPES.swift */ = {isa = PBXFileReference; lastKnownFileType = sourcecode.swift; path = LOCK_TYPES.swift; sourceTree = "<group>"; };
		D1BC8CDC29B5DBC400F9C597 /* CAR_TEXTURTE_NAMES.swift */ = {isa = PBXFileReference; lastKnownFileType = sourcecode.swift; path = CAR_TEXTURTE_NAMES.swift; sourceTree = "<group>"; };
		D1BC8CDE29B8733A00F9C597 /* IntroScene.sks */ = {isa = PBXFileReference; lastKnownFileType = file.sks; path = IntroScene.sks; sourceTree = "<group>"; };
		D1BC8CE129B8752900F9C597 /* Intro.swift */ = {isa = PBXFileReference; lastKnownFileType = sourcecode.swift; path = Intro.swift; sourceTree = "<group>"; };
		D1C699BC2A3C7B500094860B /* Property.swift */ = {isa = PBXFileReference; lastKnownFileType = sourcecode.swift; path = Property.swift; sourceTree = "<group>"; };
		D1C717EA2A20A13800E36C9D /* pickup_inventory.wav */ = {isa = PBXFileReference; lastKnownFileType = audio.wav; path = pickup_inventory.wav; sourceTree = "<group>"; };
		D1C717EC2A20AA9500E36C9D /* OldCopperEngineSmoke.sks */ = {isa = PBXFileReference; lastKnownFileType = file.sks; path = OldCopperEngineSmoke.sks; sourceTree = "<group>"; };
		D1C717F32A20C5BB00E36C9D /* ChowerlerEngineSmoke.sks */ = {isa = PBXFileReference; lastKnownFileType = file.sks; path = ChowerlerEngineSmoke.sks; sourceTree = "<group>"; };
		D1C717F42A20C5BB00E36C9D /* Assets.xcassets */ = {isa = PBXFileReference; lastKnownFileType = folder.assetcatalog; path = Assets.xcassets; sourceTree = "<group>"; };
		D1C717F72A20CB8D00E36C9D /* old_copper_engine_still.wav */ = {isa = PBXFileReference; lastKnownFileType = audio.wav; path = old_copper_engine_still.wav; sourceTree = "<group>"; };
		D1C717F92A20CF9C00E36C9D /* old_copper_acceleration.wav */ = {isa = PBXFileReference; lastKnownFileType = audio.wav; path = old_copper_acceleration.wav; sourceTree = "<group>"; };
		D1D50C722A330F4600306898 /* ItemProperties.swift */ = {isa = PBXFileReference; lastKnownFileType = sourcecode.swift; path = ItemProperties.swift; sourceTree = "<group>"; };
		D1D50C742A33175B00306898 /* LOCK_COMPLEXITIES.swift */ = {isa = PBXFileReference; lastKnownFileType = sourcecode.swift; path = LOCK_COMPLEXITIES.swift; sourceTree = "<group>"; };
		D1DAC79D29819DD900B60AED /* PlayerState.swift */ = {isa = PBXFileReference; lastKnownFileType = sourcecode.swift; path = PlayerState.swift; sourceTree = "<group>"; };
		D1EC016929B8911F00390C41 /* Parking-Work-Info.plist */ = {isa = PBXFileReference; lastKnownFileType = text.plist; path = "Parking-Work-Info.plist"; sourceTree = SOURCE_ROOT; };
		D1EC016A29B8922200390C41 /* PTSansNarrow-Regular.ttf */ = {isa = PBXFileReference; lastKnownFileType = file; path = "PTSansNarrow-Regular.ttf"; sourceTree = "<group>"; };
		D1EC016B29B8922200390C41 /* PTSansNarrow-Bold.ttf */ = {isa = PBXFileReference; lastKnownFileType = file; path = "PTSansNarrow-Bold.ttf"; sourceTree = "<group>"; };
		D1F4CFC429B0C70E003CB541 /* Car.swift */ = {isa = PBXFileReference; lastKnownFileType = sourcecode.swift; path = Car.swift; sourceTree = "<group>"; };
		D1FDF2A329A929280058040E /* button_click.wav */ = {isa = PBXFileReference; lastKnownFileType = audio.wav; path = button_click.wav; sourceTree = "<group>"; };
		D1FF461429BE693E0061D819 /* MiniMapSetup.swift */ = {isa = PBXFileReference; lastKnownFileType = sourcecode.swift; path = MiniMapSetup.swift; sourceTree = "<group>"; };
/* End PBXFileReference section */

/* Begin PBXFrameworksBuildPhase section */
		D1198EEF2979B76D00701A24 /* Frameworks */ = {
			isa = PBXFrameworksBuildPhase;
			buildActionMask = 2147483647;
			files = (
			);
			runOnlyForDeploymentPostprocessing = 0;
		};
/* End PBXFrameworksBuildPhase section */

/* Begin PBXGroup section */
		D103322C2A13E6C000F332D2 /* CarSounds */ = {
			isa = PBXGroup;
			children = (
				D1C717F92A20CF9C00E36C9D /* old_copper_acceleration.wav */,
				D1C717F72A20CB8D00E36C9D /* old_copper_engine_still.wav */,
				D1B856422A1BB1A300C8B61B /* old_copper_acceleration_old.wav */,
				D1B856412A1BB1A300C8B61B /* old_copper_driving.wav */,
				D10332292A13E41B00F332D2 /* old_copper_engine_start.wav */,
			);
			path = CarSounds;
			sourceTree = "<group>";
		};
		D1198EE92979B76D00701A24 = {
			isa = PBXGroup;
			children = (
				D14476522A29ECC00044C244 /* CONSTANTS */,
				D1EC016629B88FB200390C41 /* Fonts */,
				D1198EF42979B76D00701A24 /* Parking Work */,
				D1198EF32979B76D00701A24 /* Products */,
			);
			sourceTree = "<group>";
		};
		D1198EF32979B76D00701A24 /* Products */ = {
			isa = PBXGroup;
			children = (
				D1198EF22979B76D00701A24 /* Parking Work.app */,
			);
			name = Products;
			sourceTree = "<group>";
		};
		D1198EF42979B76D00701A24 /* Parking Work */ = {
			isa = PBXGroup;
			children = (
				D1C717F12A20BFD600E36C9D /* AuxillaryScenes */,
				D1C717F02A20BF9400E36C9D /* Emitters */,
				D16FD69729A270A70097BC3E /* Missions */,
				D18653D0299A3B8400DEE90D /* GameProcessing */,
				D18653C3299A318500DEE90D /* GameFunctions */,
				D18653DD299B841400DEE90D /* GameModels */,
				D1A3F5AC299F9BB900084380 /* Sounds */,
				D1198EFB2979B76D00701A24 /* ParkingWorkGame.swift */,
				D1B259D72A1E22C9001C9A05 /* Video */,
				D1198EFD2979B76D00701A24 /* GameViewController.swift */,
				D1198EFF2979B76D00701A24 /* Main.storyboard */,
				D1198F022979B76E00701A24 /* Assets.xcassets */,
				D1198F0C2979B7A900701A24 /* ParkingWorkTileSets.sks */,
				D1198F042979B76E00701A24 /* LaunchScreen.storyboard */,
				D1198EF52979B76D00701A24 /* AppDelegate.swift */,
				D1EC016929B8911F00390C41 /* Parking-Work-Info.plist */,
			);
			path = "Parking Work";
			sourceTree = "<group>";
		};
		D144764B2A29D27E0044C244 /* ShopScene */ = {
			isa = PBXGroup;
			children = (
				D144764C2A29D2BE0044C244 /* Shop.swift */,
				D144764E2A29D2F70044C244 /* ShopScene.sks */,
			);
			path = ShopScene;
			sourceTree = "<group>";
		};
		D14476522A29ECC00044C244 /* CONSTANTS */ = {
			isa = PBXGroup;
			children = (
				D1A3F5AA299F9B8B00084380 /* GAME_SOUNDS.swift */,
				D1BC8CDC29B5DBC400F9C597 /* CAR_TEXTURTE_NAMES.swift */,
				D1BC8CDA29B5DA4900F9C597 /* LOCK_TYPES.swift */,
				D1A3F5A6299E52D600084380 /* LOCK_TRANSLATIONS.swift */,
				D13F2E15298972EB008976EA /* CAR_LIST.swift */,
				D1628B3029AE050700DF817E /* COLORS.swift */,
				D1A7180629D1AF7600A488BF /* UNICODE.swift */,
				D1A7180829D1B0B200A488BF /* FONTS.swift */,
				D144765A2A2B83D00044C244 /* MESSSAGE_TYPES.swift */,
				D149E68B2A30741E00342564 /* ITEMS_TYPES.swift */,
				D1D50C742A33175B00306898 /* LOCK_COMPLEXITIES.swift */,
			);
			path = CONSTANTS;
			sourceTree = "<group>";
		};
		D14476532A29EE2D0044C244 /* Collisions */ = {
			isa = PBXGroup;
			children = (
				D14476542A29EE930044C244 /* plastic_hit.wav */,
				D16ACAFE2A1771AF000878C4 /* CarCollisions */,
			);
			path = Collisions;
			sourceTree = "<group>";
		};
		D16ACAFE2A1771AF000878C4 /* CarCollisions */ = {
			isa = PBXGroup;
			children = (
				D16ACB052A177ABB000878C4 /* car_collision_01.wav */,
				D16ACB012A177AB3000878C4 /* car_collision_02.wav */,
				D16ACB072A1783F8000878C4 /* car_collision_03.wav */,
			);
			path = CarCollisions;
			sourceTree = "<group>";
		};
		D16EA7652A0240B3001699E5 /* PopUps */ = {
			isa = PBXGroup;
			children = (
				D16EA75D2A023C09001699E5 /* PopUpCreation.swift */,
				D16EA75B2A023A6B001699E5 /* PopUpAction.swift */,
			);
			path = PopUps;
			sourceTree = "<group>";
		};
		D16EA7662A0240EC001699E5 /* UserInterface */ = {
			isa = PBXGroup;
			children = (
				D16EA7632A02407D001699E5 /* UIControls.swift */,
				D16EA75F2A023D17001699E5 /* UICreation.swift */,
			);
			path = UserInterface;
			sourceTree = "<group>";
		};
		D16EA76B2A02444E001699E5 /* GameScreens */ = {
			isa = PBXGroup;
			children = (
				D16EA7612A023DB8001699E5 /* GameScreenCreation.swift */,
				D16EA7692A024418001699E5 /* GameScreenContols.swift */,
			);
			path = GameScreens;
			sourceTree = "<group>";
		};
		D16FD69729A270A70097BC3E /* Missions */ = {
			isa = PBXGroup;
			children = (
				D16FD69829A270A70097BC3E /* Mission1 */,
			);
			path = Missions;
			sourceTree = "<group>";
		};
		D16FD69829A270A70097BC3E /* Mission1 */ = {
			isa = PBXGroup;
			children = (
				D16FD69929A270A70097BC3E /* Mission1.swift */,
				D16FD69A29A270A70097BC3E /* Mission1Scene.sks */,
				D18653CF299A3B6300DEE90D /* Mission1Setup */,
			);
			path = Mission1;
			sourceTree = "<group>";
		};
		D18653C3299A318500DEE90D /* GameFunctions */ = {
			isa = PBXGroup;
			children = (
				D16EA76B2A02444E001699E5 /* GameScreens */,
				D16EA7662A0240EC001699E5 /* UserInterface */,
				D16EA7652A0240B3001699E5 /* PopUps */,
				D18653CA299A3A3600DEE90D /* GameFunctions.swift */,
				D18653CD299A3AE200DEE90D /* PlayerFunctions.swift */,
				D16EA7592A0238BB001699E5 /* ChatFunctions.swift */,
				D16EA7672A02413C001699E5 /* TutorialFunctions.swift */,
				D16EA76C2A0245AF001699E5 /* CameraFunctions.swift */,
				D16EA76E2A0245E2001699E5 /* AnimationFunctions.swift */,
			);
			path = GameFunctions;
			sourceTree = "<group>";
		};
		D18653CF299A3B6300DEE90D /* Mission1Setup */ = {
			isa = PBXGroup;
			children = (
				D197178929E42D05001A6537 /* TutorialSetup.swift */,
				D16FD69D29A289840097BC3E /* CameraSetup.swift */,
				D18653D1299A3C6F00DEE90D /* PlayerSetup.swift */,
				D18653D3299A3D9F00DEE90D /* WorldSetup.swift */,
				D18653D5299A3EAF00DEE90D /* CarsSetup.swift */,
				D18653D7299A3FE200DEE90D /* CarLocksSetup.swift */,
				D18653D9299B7CE000DEE90D /* PopUpWindowsSetup.swift */,
				D1FF461429BE693E0061D819 /* MiniMapSetup.swift */,
				D11C745529ED703000C0583D /* SetupPigeon.swift */,
				D15BCD9B29F1380B00726BE3 /* SetupSound.swift */,
				D16ACB092A1790CD000878C4 /* SetupTrashCans.swift */,
				D16ACB0B2A1A9528000878C4 /* SetupLevelCompletion.swift */,
			);
			path = Mission1Setup;
			sourceTree = "<group>";
		};
		D18653D0299A3B8400DEE90D /* GameProcessing */ = {
			isa = PBXGroup;
			children = (
				D18653C1299A30B900DEE90D /* Touches.swift */,
				D18653C4299A31D400DEE90D /* GameLoop.swift */,
				D18653C6299A326900DEE90D /* Collisions.swift */,
				D1DAC79D29819DD900B60AED /* PlayerState.swift */,
			);
			path = GameProcessing;
			sourceTree = "<group>";
		};
		D18653DD299B841400DEE90D /* GameModels */ = {
			isa = PBXGroup;
			children = (
				D1A10ADB2A1F5CFF003087DF /* GameItem.swift */,
				D1D50C722A330F4600306898 /* ItemProperties.swift */,
				D1F4CFC429B0C70E003CB541 /* Car.swift */,
				D1A7180429CC405500A488BF /* Player.swift */,
				D150086C2A28E02700F24418 /* Mission.swift */,
				D14476502A29E9D90044C244 /* CarLock.swift */,
				D11FB7052A3A37F20047D7FC /* ShopItem.swift */,
				D11FB7072A3B77E40047D7FC /* Price.swift */,
				D1C699BC2A3C7B500094860B /* Property.swift */,
			);
			path = GameModels;
			sourceTree = "<group>";
		};
		D18C66102A24F62800D4F365 /* MissionListScene */ = {
			isa = PBXGroup;
			children = (
				D18C66112A24F67400D4F365 /* MissionListScene.sks */,
				D18C66132A25038D00D4F365 /* MissionList.swift */,
			);
			path = MissionListScene;
			sourceTree = "<group>";
		};
		D1A3F5AC299F9BB900084380 /* Sounds */ = {
			isa = PBXGroup;
			children = (
				D1A6C1F92A2DD7A70049614D /* Inventory */,
				D14476532A29EE2D0044C244 /* Collisions */,
				D150086A2A28BF5500F24418 /* mission_list_car_passing_by.wav */,
				D1B259E12A1EB380001C9A05 /* cigarette_falling.wav */,
				D103322C2A13E6C000F332D2 /* CarSounds */,
				D15BCD9929F1376F00726BE3 /* street_sound_birds.wav */,
				D15BCD9329EF18AD00726BE3 /* pigeon_flying_away.wav */,
				D16D775629A4E371004EC225 /* traffic1.wav */,
				D1FDF2A329A929280058040E /* button_click.wav */,
				D1A3F5AD299F9BB900084380 /* door_open.wav */,
				D1A3F5AF299F9E0C00084380 /* success_bell.wav */,
				D1A3F5B1299FA0B000084380 /* car_door_locked.wav */,
				D1A3F5B2299FA0B000084380 /* car_signalization.wav */,
			);
			path = Sounds;
			sourceTree = "<group>";
		};
		D1A626552A1F54960033D9ED /* MissionCompletionScene */ = {
			isa = PBXGroup;
			children = (
				D1A626562A1F55470033D9ED /* MissionCompletionScene.sks */,
				D1A626582A1F556F0033D9ED /* MissionCompletion.swift */,
			);
			path = MissionCompletionScene;
			sourceTree = "<group>";
		};
		D1A6C1F92A2DD7A70049614D /* Inventory */ = {
			isa = PBXGroup;
			children = (
				D1C717EA2A20A13800E36C9D /* pickup_inventory.wav */,
				D1A6C1F72A2DD7510049614D /* bag_open.wav */,
			);
			path = Inventory;
			sourceTree = "<group>";
		};
		D1A717C429C45D0700A488BF /* GameOverScene */ = {
			isa = PBXGroup;
			children = (
				D1A717C529C45D4D00A488BF /* GameOver.swift */,
				D1A717C729C45D5F00A488BF /* GameOverScene.sks */,
			);
			path = GameOverScene;
			sourceTree = "<group>";
		};
		D1B259D42A1E1A33001C9A05 /* SplashScreenScene */ = {
			isa = PBXGroup;
			children = (
				D1B259D22A1E1A24001C9A05 /* SplashScreenScene.sks */,
				D1B259D52A1E1A4A001C9A05 /* SplashScreen.swift */,
				D1B259DE2A1EAA51001C9A05 /* Assets.xcassets */,
			);
			path = SplashScreenScene;
			sourceTree = "<group>";
		};
		D1B259D72A1E22C9001C9A05 /* Video */ = {
			isa = PBXGroup;
			children = (
				D1B259DB2A1E7703001C9A05 /* pinplay_logo.mp4 */,
			);
			path = Video;
			sourceTree = "<group>";
		};
		D1BC8CE029B8751100F9C597 /* IntroScene */ = {
			isa = PBXGroup;
			children = (
				D1BC8CDE29B8733A00F9C597 /* IntroScene.sks */,
				D1BC8CE129B8752900F9C597 /* Intro.swift */,
			);
			path = IntroScene;
			sourceTree = "<group>";
		};
		D1C717F02A20BF9400E36C9D /* Emitters */ = {
			isa = PBXGroup;
			children = (
				D1C717F22A20C5A200E36C9D /* Cars */,
				D15008682A274BEC00F24418 /* CarsDrivingBy.sks */,
				D1B259DD2A1EAA51001C9A05 /* CigaretteSmoke.sks */,
			);
			path = Emitters;
			sourceTree = "<group>";
		};
		D1C717F12A20BFD600E36C9D /* AuxillaryScenes */ = {
			isa = PBXGroup;
			children = (
				D144764B2A29D27E0044C244 /* ShopScene */,
				D18C66102A24F62800D4F365 /* MissionListScene */,
				D1BC8CE029B8751100F9C597 /* IntroScene */,
				D1A717C429C45D0700A488BF /* GameOverScene */,
				D1B259D42A1E1A33001C9A05 /* SplashScreenScene */,
				D1A626552A1F54960033D9ED /* MissionCompletionScene */,
			);
			path = AuxillaryScenes;
			sourceTree = "<group>";
		};
		D1C717F22A20C5A200E36C9D /* Cars */ = {
			isa = PBXGroup;
			children = (
				D1C717EC2A20AA9500E36C9D /* OldCopperEngineSmoke.sks */,
				D1C717F32A20C5BB00E36C9D /* ChowerlerEngineSmoke.sks */,
				D1C717F42A20C5BB00E36C9D /* Assets.xcassets */,
				D14476562A2B6C470044C244 /* ItemOnGround.sks */,
				D14476572A2B6C470044C244 /* Assets.xcassets */,
			);
			path = Cars;
			sourceTree = "<group>";
		};
		D1EC016629B88FB200390C41 /* Fonts */ = {
			isa = PBXGroup;
			children = (
				D1EC016B29B8922200390C41 /* PTSansNarrow-Bold.ttf */,
				D1EC016A29B8922200390C41 /* PTSansNarrow-Regular.ttf */,
			);
			path = Fonts;
			sourceTree = "<group>";
		};
/* End PBXGroup section */

/* Begin PBXNativeTarget section */
		D1198EF12979B76D00701A24 /* Parking Work */ = {
			isa = PBXNativeTarget;
			buildConfigurationList = D1198F092979B76E00701A24 /* Build configuration list for PBXNativeTarget "Parking Work" */;
			buildPhases = (
				D1198EEE2979B76D00701A24 /* Sources */,
				D1198EEF2979B76D00701A24 /* Frameworks */,
				D1198EF02979B76D00701A24 /* Resources */,
			);
			buildRules = (
			);
			dependencies = (
			);
			name = "Parking Work";
			productName = "Parking Work";
			productReference = D1198EF22979B76D00701A24 /* Parking Work.app */;
			productType = "com.apple.product-type.application";
		};
/* End PBXNativeTarget section */

/* Begin PBXProject section */
		D1198EEA2979B76D00701A24 /* Project object */ = {
			isa = PBXProject;
			attributes = {
				BuildIndependentTargetsInParallel = 1;
				LastSwiftUpdateCheck = 1410;
				LastUpgradeCheck = 1410;
				TargetAttributes = {
					D1198EF12979B76D00701A24 = {
						CreatedOnToolsVersion = 14.1;
					};
				};
			};
			buildConfigurationList = D1198EED2979B76D00701A24 /* Build configuration list for PBXProject "Parking Work" */;
			compatibilityVersion = "Xcode 14.0";
			developmentRegion = en;
			hasScannedForEncodings = 0;
			knownRegions = (
				en,
				Base,
			);
			mainGroup = D1198EE92979B76D00701A24;
			productRefGroup = D1198EF32979B76D00701A24 /* Products */;
			projectDirPath = "";
			projectRoot = "";
			targets = (
				D1198EF12979B76D00701A24 /* Parking Work */,
			);
		};
/* End PBXProject section */

/* Begin PBXResourcesBuildPhase section */
		D1198EF02979B76D00701A24 /* Resources */ = {
			isa = PBXResourcesBuildPhase;
			buildActionMask = 2147483647;
			files = (
				D1A626572A1F55470033D9ED /* MissionCompletionScene.sks in Resources */,
				D1B259DC2A1E7703001C9A05 /* pinplay_logo.mp4 in Resources */,
				D15BCD9A29F1376F00726BE3 /* street_sound_birds.wav in Resources */,
				D1A3F5B0299F9E0C00084380 /* success_bell.wav in Resources */,
				D1A3F5B3299FA0B000084380 /* car_door_locked.wav in Resources */,
				D15008692A274BEC00F24418 /* CarsDrivingBy.sks in Resources */,
				D1C717EE2A20AA9500E36C9D /* OldCopperEngineSmoke.sks in Resources */,
				D1C717F62A20C5BB00E36C9D /* Assets.xcassets in Resources */,
				D14476582A2B6C470044C244 /* ItemOnGround.sks in Resources */,
				D1C717F82A20CB8D00E36C9D /* old_copper_engine_still.wav in Resources */,
				D1C717EB2A20A13800E36C9D /* pickup_inventory.wav in Resources */,
				D1A6C1F82A2DD7510049614D /* bag_open.wav in Resources */,
				D1A3F5AE299F9BB900084380 /* door_open.wav in Resources */,
				D16ACB082A1783F8000878C4 /* car_collision_03.wav in Resources */,
				D144764F2A29D2F70044C244 /* ShopScene.sks in Resources */,
				D1C717FA2A20CF9C00E36C9D /* old_copper_acceleration.wav in Resources */,
				D1BC8CDF29B8733A00F9C597 /* IntroScene.sks in Resources */,
				D14476592A2B6C470044C244 /* Assets.xcassets in Resources */,
				D1198F012979B76D00701A24 /* Main.storyboard in Resources */,
				D1FDF2A429A929280058040E /* button_click.wav in Resources */,
				D1B259E22A1EB380001C9A05 /* cigarette_falling.wav in Resources */,
				D14476552A29EE930044C244 /* plastic_hit.wav in Resources */,
				D1198F032979B76E00701A24 /* Assets.xcassets in Resources */,
				D1198F062979B76E00701A24 /* LaunchScreen.storyboard in Resources */,
				D16ACB062A177ABB000878C4 /* car_collision_01.wav in Resources */,
				D16ACB032A177AB3000878C4 /* car_collision_02.wav in Resources */,
				D1198F0D2979B7A900701A24 /* ParkingWorkTileSets.sks in Resources */,
				D18C66122A24F67400D4F365 /* MissionListScene.sks in Resources */,
				D1B259DF2A1EAA51001C9A05 /* CigaretteSmoke.sks in Resources */,
				D1EC016C29B8922200390C41 /* PTSansNarrow-Regular.ttf in Resources */,
				D1A3F5B4299FA0B000084380 /* car_signalization.wav in Resources */,
				D103322A2A13E41B00F332D2 /* old_copper_engine_start.wav in Resources */,
				D1EC016D29B8922200390C41 /* PTSansNarrow-Bold.ttf in Resources */,
				D1B856432A1BB1A300C8B61B /* old_copper_driving.wav in Resources */,
				D16D775729A4E371004EC225 /* traffic1.wav in Resources */,
				D150086B2A28BF5500F24418 /* mission_list_car_passing_by.wav in Resources */,
				D15BCD9429EF18AD00726BE3 /* pigeon_flying_away.wav in Resources */,
				D1A717C829C45D5F00A488BF /* GameOverScene.sks in Resources */,
				D1B259D32A1E1A24001C9A05 /* SplashScreenScene.sks in Resources */,
				D1C717F52A20C5BB00E36C9D /* ChowerlerEngineSmoke.sks in Resources */,
				D1B856442A1BB1A300C8B61B /* old_copper_acceleration_old.wav in Resources */,
				D1B259E02A1EAA51001C9A05 /* Assets.xcassets in Resources */,
				D16FD69C29A270A70097BC3E /* Mission1Scene.sks in Resources */,
			);
			runOnlyForDeploymentPostprocessing = 0;
		};
/* End PBXResourcesBuildPhase section */

/* Begin PBXSourcesBuildPhase section */
		D1198EEE2979B76D00701A24 /* Sources */ = {
			isa = PBXSourcesBuildPhase;
			buildActionMask = 2147483647;
			files = (
				D1B259D62A1E1A4A001C9A05 /* SplashScreen.swift in Sources */,
				D1D50C732A330F4600306898 /* ItemProperties.swift in Sources */,
				D11FB7062A3A37F20047D7FC /* ShopItem.swift in Sources */,
				D18653D4299A3D9F00DEE90D /* WorldSetup.swift in Sources */,
				D16EA7622A023DB8001699E5 /* GameScreenCreation.swift in Sources */,
				D1628B3129AE050700DF817E /* COLORS.swift in Sources */,
				D18653D8299A3FE200DEE90D /* CarLocksSetup.swift in Sources */,
				D1A717C629C45D4D00A488BF /* GameOver.swift in Sources */,
				D16FD69B29A270A70097BC3E /* Mission1.swift in Sources */,
				D16EA7682A02413C001699E5 /* TutorialFunctions.swift in Sources */,
				D144764D2A29D2BE0044C244 /* Shop.swift in Sources */,
				D144765B2A2B83D00044C244 /* MESSSAGE_TYPES.swift in Sources */,
				D1198EFC2979B76D00701A24 /* ParkingWorkGame.swift in Sources */,
				D16EA76F2A0245E2001699E5 /* AnimationFunctions.swift in Sources */,
				D1A3F5A7299E52D600084380 /* LOCK_TRANSLATIONS.swift in Sources */,
				D1A7180729D1AF7600A488BF /* UNICODE.swift in Sources */,
				D1C699BD2A3C7B500094860B /* Property.swift in Sources */,
				D18C66142A25038D00D4F365 /* MissionList.swift in Sources */,
				D18653D6299A3EAF00DEE90D /* CarsSetup.swift in Sources */,
				D16EA75A2A0238BB001699E5 /* ChatFunctions.swift in Sources */,
				D16EA76A2A024418001699E5 /* GameScreenContols.swift in Sources */,
				D1BC8CDB29B5DA4900F9C597 /* LOCK_TYPES.swift in Sources */,
				D13F2E16298972EB008976EA /* CAR_LIST.swift in Sources */,
				D149E68C2A30741E00342564 /* ITEMS_TYPES.swift in Sources */,
				D16FD69E29A289840097BC3E /* CameraSetup.swift in Sources */,
				D18653C7299A326900DEE90D /* Collisions.swift in Sources */,
				D18653C2299A30B900DEE90D /* Touches.swift in Sources */,
				D1A626592A1F556F0033D9ED /* MissionCompletion.swift in Sources */,
				D1A7180929D1B0B200A488BF /* FONTS.swift in Sources */,
				D16ACB0A2A1790CD000878C4 /* SetupTrashCans.swift in Sources */,
				D16EA7602A023D17001699E5 /* UICreation.swift in Sources */,
				D18653DA299B7CE000DEE90D /* PopUpWindowsSetup.swift in Sources */,
				D1BC8CE229B8752900F9C597 /* Intro.swift in Sources */,
				D16EA75E2A023C09001699E5 /* PopUpCreation.swift in Sources */,
				D16EA7642A02407D001699E5 /* UIControls.swift in Sources */,
				D150086D2A28E02700F24418 /* Mission.swift in Sources */,
				D18653C5299A31D400DEE90D /* GameLoop.swift in Sources */,
				D1198EFE2979B76D00701A24 /* GameViewController.swift in Sources */,
				D16ACB0C2A1A9528000878C4 /* SetupLevelCompletion.swift in Sources */,
				D11FB7082A3B77E40047D7FC /* Price.swift in Sources */,
				D1DAC79E29819DD900B60AED /* PlayerState.swift in Sources */,
				D18653CB299A3A3600DEE90D /* GameFunctions.swift in Sources */,
				D1FF461529BE693E0061D819 /* MiniMapSetup.swift in Sources */,
				D1F4CFC529B0C70E003CB541 /* Car.swift in Sources */,
				D14476512A29E9D90044C244 /* CarLock.swift in Sources */,
				D16EA76D2A0245AF001699E5 /* CameraFunctions.swift in Sources */,
				D1BC8CDD29B5DBC400F9C597 /* CAR_TEXTURTE_NAMES.swift in Sources */,
				D15BCD9C29F1380B00726BE3 /* SetupSound.swift in Sources */,
				D16EA75C2A023A6B001699E5 /* PopUpAction.swift in Sources */,
				D1A3F5AB299F9B8B00084380 /* GAME_SOUNDS.swift in Sources */,
				D18653CE299A3AE200DEE90D /* PlayerFunctions.swift in Sources */,
				D18653D2299A3C6F00DEE90D /* PlayerSetup.swift in Sources */,
				D197178A29E42D05001A6537 /* TutorialSetup.swift in Sources */,
				D1A10ADC2A1F5CFF003087DF /* GameItem.swift in Sources */,
				D1D50C752A33175B00306898 /* LOCK_COMPLEXITIES.swift in Sources */,
				D1A7180529CC405500A488BF /* Player.swift in Sources */,
				D1198EF62979B76D00701A24 /* AppDelegate.swift in Sources */,
				D11C745629ED703000C0583D /* SetupPigeon.swift in Sources */,
			);
			runOnlyForDeploymentPostprocessing = 0;
		};
/* End PBXSourcesBuildPhase section */

/* Begin PBXVariantGroup section */
		D1198EFF2979B76D00701A24 /* Main.storyboard */ = {
			isa = PBXVariantGroup;
			children = (
				D1198F002979B76D00701A24 /* Base */,
			);
			name = Main.storyboard;
			sourceTree = "<group>";
		};
		D1198F042979B76E00701A24 /* LaunchScreen.storyboard */ = {
			isa = PBXVariantGroup;
			children = (
				D1198F052979B76E00701A24 /* Base */,
			);
			name = LaunchScreen.storyboard;
			sourceTree = "<group>";
		};
/* End PBXVariantGroup section */

/* Begin XCBuildConfiguration section */
		D1198F072979B76E00701A24 /* Debug */ = {
			isa = XCBuildConfiguration;
			buildSettings = {
				ALWAYS_SEARCH_USER_PATHS = NO;
				CLANG_ANALYZER_NONNULL = YES;
				CLANG_ANALYZER_NUMBER_OBJECT_CONVERSION = YES_AGGRESSIVE;
				CLANG_CXX_LANGUAGE_STANDARD = "gnu++20";
				CLANG_ENABLE_MODULES = YES;
				CLANG_ENABLE_OBJC_ARC = YES;
				CLANG_ENABLE_OBJC_WEAK = YES;
				CLANG_WARN_BLOCK_CAPTURE_AUTORELEASING = YES;
				CLANG_WARN_BOOL_CONVERSION = YES;
				CLANG_WARN_COMMA = YES;
				CLANG_WARN_CONSTANT_CONVERSION = YES;
				CLANG_WARN_DEPRECATED_OBJC_IMPLEMENTATIONS = YES;
				CLANG_WARN_DIRECT_OBJC_ISA_USAGE = YES_ERROR;
				CLANG_WARN_DOCUMENTATION_COMMENTS = YES;
				CLANG_WARN_EMPTY_BODY = YES;
				CLANG_WARN_ENUM_CONVERSION = YES;
				CLANG_WARN_INFINITE_RECURSION = YES;
				CLANG_WARN_INT_CONVERSION = YES;
				CLANG_WARN_NON_LITERAL_NULL_CONVERSION = YES;
				CLANG_WARN_OBJC_IMPLICIT_RETAIN_SELF = YES;
				CLANG_WARN_OBJC_LITERAL_CONVERSION = YES;
				CLANG_WARN_OBJC_ROOT_CLASS = YES_ERROR;
				CLANG_WARN_QUOTED_INCLUDE_IN_FRAMEWORK_HEADER = YES;
				CLANG_WARN_RANGE_LOOP_ANALYSIS = YES;
				CLANG_WARN_STRICT_PROTOTYPES = YES;
				CLANG_WARN_SUSPICIOUS_MOVE = YES;
				CLANG_WARN_UNGUARDED_AVAILABILITY = YES_AGGRESSIVE;
				CLANG_WARN_UNREACHABLE_CODE = YES;
				CLANG_WARN__DUPLICATE_METHOD_MATCH = YES;
				COPY_PHASE_STRIP = NO;
				DEBUG_INFORMATION_FORMAT = dwarf;
				ENABLE_STRICT_OBJC_MSGSEND = YES;
				ENABLE_TESTABILITY = YES;
				GCC_C_LANGUAGE_STANDARD = gnu11;
				GCC_DYNAMIC_NO_PIC = NO;
				GCC_NO_COMMON_BLOCKS = YES;
				GCC_OPTIMIZATION_LEVEL = 0;
				GCC_PREPROCESSOR_DEFINITIONS = (
					"DEBUG=1",
					"$(inherited)",
				);
				GCC_WARN_64_TO_32_BIT_CONVERSION = YES;
				GCC_WARN_ABOUT_RETURN_TYPE = YES_ERROR;
				GCC_WARN_UNDECLARED_SELECTOR = YES;
				GCC_WARN_UNINITIALIZED_AUTOS = YES_AGGRESSIVE;
				GCC_WARN_UNUSED_FUNCTION = YES;
				GCC_WARN_UNUSED_VARIABLE = YES;
				IPHONEOS_DEPLOYMENT_TARGET = 13.0;
				MTL_ENABLE_DEBUG_INFO = INCLUDE_SOURCE;
				MTL_FAST_MATH = YES;
				ONLY_ACTIVE_ARCH = YES;
				SDKROOT = iphoneos;
				SWIFT_ACTIVE_COMPILATION_CONDITIONS = DEBUG;
				SWIFT_OPTIMIZATION_LEVEL = "-Onone";
			};
			name = Debug;
		};
		D1198F082979B76E00701A24 /* Release */ = {
			isa = XCBuildConfiguration;
			buildSettings = {
				ALWAYS_SEARCH_USER_PATHS = NO;
				CLANG_ANALYZER_NONNULL = YES;
				CLANG_ANALYZER_NUMBER_OBJECT_CONVERSION = YES_AGGRESSIVE;
				CLANG_CXX_LANGUAGE_STANDARD = "gnu++20";
				CLANG_ENABLE_MODULES = YES;
				CLANG_ENABLE_OBJC_ARC = YES;
				CLANG_ENABLE_OBJC_WEAK = YES;
				CLANG_WARN_BLOCK_CAPTURE_AUTORELEASING = YES;
				CLANG_WARN_BOOL_CONVERSION = YES;
				CLANG_WARN_COMMA = YES;
				CLANG_WARN_CONSTANT_CONVERSION = YES;
				CLANG_WARN_DEPRECATED_OBJC_IMPLEMENTATIONS = YES;
				CLANG_WARN_DIRECT_OBJC_ISA_USAGE = YES_ERROR;
				CLANG_WARN_DOCUMENTATION_COMMENTS = YES;
				CLANG_WARN_EMPTY_BODY = YES;
				CLANG_WARN_ENUM_CONVERSION = YES;
				CLANG_WARN_INFINITE_RECURSION = YES;
				CLANG_WARN_INT_CONVERSION = YES;
				CLANG_WARN_NON_LITERAL_NULL_CONVERSION = YES;
				CLANG_WARN_OBJC_IMPLICIT_RETAIN_SELF = YES;
				CLANG_WARN_OBJC_LITERAL_CONVERSION = YES;
				CLANG_WARN_OBJC_ROOT_CLASS = YES_ERROR;
				CLANG_WARN_QUOTED_INCLUDE_IN_FRAMEWORK_HEADER = YES;
				CLANG_WARN_RANGE_LOOP_ANALYSIS = YES;
				CLANG_WARN_STRICT_PROTOTYPES = YES;
				CLANG_WARN_SUSPICIOUS_MOVE = YES;
				CLANG_WARN_UNGUARDED_AVAILABILITY = YES_AGGRESSIVE;
				CLANG_WARN_UNREACHABLE_CODE = YES;
				CLANG_WARN__DUPLICATE_METHOD_MATCH = YES;
				COPY_PHASE_STRIP = NO;
				DEBUG_INFORMATION_FORMAT = "dwarf-with-dsym";
				ENABLE_NS_ASSERTIONS = NO;
				ENABLE_STRICT_OBJC_MSGSEND = YES;
				GCC_C_LANGUAGE_STANDARD = gnu11;
				GCC_NO_COMMON_BLOCKS = YES;
				GCC_WARN_64_TO_32_BIT_CONVERSION = YES;
				GCC_WARN_ABOUT_RETURN_TYPE = YES_ERROR;
				GCC_WARN_UNDECLARED_SELECTOR = YES;
				GCC_WARN_UNINITIALIZED_AUTOS = YES_AGGRESSIVE;
				GCC_WARN_UNUSED_FUNCTION = YES;
				GCC_WARN_UNUSED_VARIABLE = YES;
				IPHONEOS_DEPLOYMENT_TARGET = 13.0;
				MTL_ENABLE_DEBUG_INFO = NO;
				MTL_FAST_MATH = YES;
				SDKROOT = iphoneos;
				SWIFT_COMPILATION_MODE = wholemodule;
				SWIFT_OPTIMIZATION_LEVEL = "-O";
				VALIDATE_PRODUCT = YES;
			};
			name = Release;
		};
		D1198F0A2979B76E00701A24 /* Debug */ = {
			isa = XCBuildConfiguration;
			buildSettings = {
				ASSETCATALOG_COMPILER_APPICON_NAME = AppIcon;
				ASSETCATALOG_COMPILER_GLOBAL_ACCENT_COLOR_NAME = AccentColor;
				CODE_SIGN_STYLE = Automatic;
				CURRENT_PROJECT_VERSION = 1;
				DEVELOPMENT_TEAM = 8J723W5X5H;
				GENERATE_INFOPLIST_FILE = YES;
				INFOPLIST_FILE = "Parking-Work-Info.plist";
				INFOPLIST_KEY_UIApplicationSupportsIndirectInputEvents = YES;
				INFOPLIST_KEY_UILaunchStoryboardName = LaunchScreen;
				INFOPLIST_KEY_UIMainStoryboardFile = Main;
				INFOPLIST_KEY_UIStatusBarHidden = YES;
				INFOPLIST_KEY_UISupportedInterfaceOrientations = "UIInterfaceOrientationLandscapeRight UIInterfaceOrientationLandscapeLeft";
				INFOPLIST_KEY_UISupportedInterfaceOrientations_iPad = "UIInterfaceOrientationLandscapeLeft UIInterfaceOrientationLandscapeRight UIInterfaceOrientationPortrait UIInterfaceOrientationPortraitUpsideDown";
				IPHONEOS_DEPLOYMENT_TARGET = 13.0;
				LD_RUNPATH_SEARCH_PATHS = (
					"$(inherited)",
					"@executable_path/Frameworks",
				);
				MARKETING_VERSION = 1.0;
				PRODUCT_BUNDLE_IDENTIFIER = "com.nickeyprod.Parking-Work";
				PRODUCT_NAME = "$(TARGET_NAME)";
				SUPPORTED_PLATFORMS = "iphoneos iphonesimulator";
				SUPPORTS_MACCATALYST = NO;
				SUPPORTS_MAC_DESIGNED_FOR_IPHONE_IPAD = NO;
				SWIFT_EMIT_LOC_STRINGS = YES;
				SWIFT_VERSION = 5.0;
				TARGETED_DEVICE_FAMILY = 1;
			};
			name = Debug;
		};
		D1198F0B2979B76E00701A24 /* Release */ = {
			isa = XCBuildConfiguration;
			buildSettings = {
				ASSETCATALOG_COMPILER_APPICON_NAME = AppIcon;
				ASSETCATALOG_COMPILER_GLOBAL_ACCENT_COLOR_NAME = AccentColor;
				CODE_SIGN_STYLE = Automatic;
				CURRENT_PROJECT_VERSION = 1;
				DEVELOPMENT_TEAM = 8J723W5X5H;
				GENERATE_INFOPLIST_FILE = YES;
				INFOPLIST_FILE = "Parking-Work-Info.plist";
				INFOPLIST_KEY_UIApplicationSupportsIndirectInputEvents = YES;
				INFOPLIST_KEY_UILaunchStoryboardName = LaunchScreen;
				INFOPLIST_KEY_UIMainStoryboardFile = Main;
				INFOPLIST_KEY_UIStatusBarHidden = YES;
				INFOPLIST_KEY_UISupportedInterfaceOrientations = "UIInterfaceOrientationLandscapeRight UIInterfaceOrientationLandscapeLeft";
				INFOPLIST_KEY_UISupportedInterfaceOrientations_iPad = "UIInterfaceOrientationLandscapeLeft UIInterfaceOrientationLandscapeRight UIInterfaceOrientationPortrait UIInterfaceOrientationPortraitUpsideDown";
				IPHONEOS_DEPLOYMENT_TARGET = 13.0;
				LD_RUNPATH_SEARCH_PATHS = (
					"$(inherited)",
					"@executable_path/Frameworks",
				);
				MARKETING_VERSION = 1.0;
				PRODUCT_BUNDLE_IDENTIFIER = "com.nickeyprod.Parking-Work";
				PRODUCT_NAME = "$(TARGET_NAME)";
				SUPPORTED_PLATFORMS = "iphoneos iphonesimulator";
				SUPPORTS_MACCATALYST = NO;
				SUPPORTS_MAC_DESIGNED_FOR_IPHONE_IPAD = NO;
				SWIFT_EMIT_LOC_STRINGS = YES;
				SWIFT_VERSION = 5.0;
				TARGETED_DEVICE_FAMILY = 1;
			};
			name = Release;
		};
/* End XCBuildConfiguration section */

/* Begin XCConfigurationList section */
		D1198EED2979B76D00701A24 /* Build configuration list for PBXProject "Parking Work" */ = {
			isa = XCConfigurationList;
			buildConfigurations = (
				D1198F072979B76E00701A24 /* Debug */,
				D1198F082979B76E00701A24 /* Release */,
			);
			defaultConfigurationIsVisible = 0;
			defaultConfigurationName = Release;
		};
		D1198F092979B76E00701A24 /* Build configuration list for PBXNativeTarget "Parking Work" */ = {
			isa = XCConfigurationList;
			buildConfigurations = (
				D1198F0A2979B76E00701A24 /* Debug */,
				D1198F0B2979B76E00701A24 /* Release */,
			);
			defaultConfigurationIsVisible = 0;
			defaultConfigurationName = Release;
		};
/* End XCConfigurationList section */
	};
	rootObject = D1198EEA2979B76D00701A24 /* Project object */;
}
